// !$*UTF8*$!
{
	archiveVersion = 1;
	classes = {
	};
	objectVersion = 45;
	objects = {

/* Begin PBXBuildFile section */
		1D60589B0D05DD56006BFB54 /* main.m in Sources */ = {isa = PBXBuildFile; fileRef = 29B97316FDCFA39411CA2CEA /* main.m */; };
		DA1AC657108C99D700C9AD7B /* libcocos2d-iphone.a in Frameworks */ = {isa = PBXBuildFile; fileRef = DA1AC4A2108C997600C9AD7B /* libcocos2d-iphone.a */; };
		DA1AC659108C99F300C9AD7B /* AVFoundation.framework in Frameworks */ = {isa = PBXBuildFile; fileRef = DA1AC658108C99F300C9AD7B /* AVFoundation.framework */; };
		DA1AC65B108C99F300C9AD7B /* AudioToolbox.framework in Frameworks */ = {isa = PBXBuildFile; fileRef = DA1AC65A108C99F300C9AD7B /* AudioToolbox.framework */; };
		DA1AC65F108C99F300C9AD7B /* CoreGraphics.framework in Frameworks */ = {isa = PBXBuildFile; fileRef = DA1AC65E108C99F300C9AD7B /* CoreGraphics.framework */; };
		DA1AC661108C99F300C9AD7B /* OpenGLES.framework in Frameworks */ = {isa = PBXBuildFile; fileRef = DA1AC660108C99F300C9AD7B /* OpenGLES.framework */; };
		DA1AC663108C99F300C9AD7B /* QuartzCore.framework in Frameworks */ = {isa = PBXBuildFile; fileRef = DA1AC662108C99F300C9AD7B /* QuartzCore.framework */; };
		DA1AC665108C99F300C9AD7B /* UIKit.framework in Frameworks */ = {isa = PBXBuildFile; fileRef = DA1AC664108C99F300C9AD7B /* UIKit.framework */; };
		DA1AC71C108C9A1A00C9AD7B /* Foundation.framework in Frameworks */ = {isa = PBXBuildFile; fileRef = DA1AC71B108C9A1A00C9AD7B /* Foundation.framework */; };
		DA1AC746108C9A9400C9AD7B /* libFontLabel.a in Frameworks */ = {isa = PBXBuildFile; fileRef = DA1AC727108C9A4C00C9AD7B /* libFontLabel.a */; };
		DA628A661280048200CE1C03 /* AbstractAppDelegate.m in Sources */ = {isa = PBXBuildFile; fileRef = DA6289EE1280048200CE1C03 /* AbstractAppDelegate.m */; };
		DA628A671280048200CE1C03 /* AbstractCocos2DAppDelegate.m in Sources */ = {isa = PBXBuildFile; fileRef = DA6289F11280048200CE1C03 /* AbstractCocos2DAppDelegate.m */; };
		DA628A681280048200CE1C03 /* Remove.m in Sources */ = {isa = PBXBuildFile; fileRef = DA6289F41280048200CE1C03 /* Remove.m */; };
		DA628A691280048200CE1C03 /* ActivitySprite.m in Sources */ = {isa = PBXBuildFile; fileRef = DA6289F71280048200CE1C03 /* ActivitySprite.m */; };
		DA628A6A1280048200CE1C03 /* BarLayer.m in Sources */ = {isa = PBXBuildFile; fileRef = DA6289F91280048200CE1C03 /* BarLayer.m */; };
		DA628A6B1280048200CE1C03 /* BarSprite.m in Sources */ = {isa = PBXBuildFile; fileRef = DA6289FB1280048200CE1C03 /* BarSprite.m */; };
		DA628A6C1280048200CE1C03 /* DebugLayer.m in Sources */ = {isa = PBXBuildFile; fileRef = DA6289FD1280048200CE1C03 /* DebugLayer.m */; };
		DA628A6D1280048200CE1C03 /* FancyLayer.m in Sources */ = {isa = PBXBuildFile; fileRef = DA6289FF1280048200CE1C03 /* FancyLayer.m */; };
		DA628A6E1280048200CE1C03 /* FlickLayer.m in Sources */ = {isa = PBXBuildFile; fileRef = DA628A011280048200CE1C03 /* FlickLayer.m */; };
		DA628A6F1280048200CE1C03 /* HUDLayer.m in Sources */ = {isa = PBXBuildFile; fileRef = DA628A031280048200CE1C03 /* HUDLayer.m */; };
		DA628A701280048200CE1C03 /* ConfigMenuLayer.m in Sources */ = {isa = PBXBuildFile; fileRef = DA628A061280048200CE1C03 /* ConfigMenuLayer.m */; };
		DA628A711280048200CE1C03 /* MenuItemSpacer.m in Sources */ = {isa = PBXBuildFile; fileRef = DA628A081280048200CE1C03 /* MenuItemSpacer.m */; };
		DA628A721280048200CE1C03 /* MenuItemSymbolic.m in Sources */ = {isa = PBXBuildFile; fileRef = DA628A0A1280048200CE1C03 /* MenuItemSymbolic.m */; };
		DA628A731280048200CE1C03 /* MenuItemTitle.m in Sources */ = {isa = PBXBuildFile; fileRef = DA628A0C1280048200CE1C03 /* MenuItemTitle.m */; };
		DA628A741280048200CE1C03 /* MenuLayer.m in Sources */ = {isa = PBXBuildFile; fileRef = DA628A0E1280048200CE1C03 /* MenuLayer.m */; };
		DA628A751280048200CE1C03 /* ScrollLayer.m in Sources */ = {isa = PBXBuildFile; fileRef = DA628A101280048200CE1C03 /* ScrollLayer.m */; };
		DA628A761280048200CE1C03 /* ShadeLayer.m in Sources */ = {isa = PBXBuildFile; fileRef = DA628A121280048200CE1C03 /* ShadeLayer.m */; };
		DA628A771280048200CE1C03 /* Splash.m in Sources */ = {isa = PBXBuildFile; fileRef = DA628A141280048200CE1C03 /* Splash.m */; };
		DA628A781280048200CE1C03 /* SwipeLayer.m in Sources */ = {isa = PBXBuildFile; fileRef = DA628A161280048200CE1C03 /* SwipeLayer.m */; };
		DA628A791280048200CE1C03 /* UILayer.m in Sources */ = {isa = PBXBuildFile; fileRef = DA628A181280048200CE1C03 /* UILayer.m */; };
		DA628A7A1280048200CE1C03 /* GLUtils.m in Sources */ = {isa = PBXBuildFile; fileRef = DA628A1B1280048200CE1C03 /* GLUtils.m */; };
		DA628A7B1280048200CE1C03 /* menu.png in Resources */ = {isa = PBXBuildFile; fileRef = DA628A1F1280048200CE1C03 /* menu.png */; };
		DA628A7C1280048200CE1C03 /* score.png in Resources */ = {isa = PBXBuildFile; fileRef = DA628A211280048200CE1C03 /* score.png */; };
		DA628A7D1280048200CE1C03 /* Localizable.strings in Resources */ = {isa = PBXBuildFile; fileRef = DA628A231280048200CE1C03 /* Localizable.strings */; };
		DA628A7E1280048200CE1C03 /* aim.body.0.png in Resources */ = {isa = PBXBuildFile; fileRef = DA628A311280048200CE1C03 /* aim.body.0.png */; };
		DA628A7F1280048200CE1C03 /* aim.body.1.png in Resources */ = {isa = PBXBuildFile; fileRef = DA628A321280048200CE1C03 /* aim.body.1.png */; };
		DA628A801280048200CE1C03 /* aim.body.10.png in Resources */ = {isa = PBXBuildFile; fileRef = DA628A331280048200CE1C03 /* aim.body.10.png */; };
		DA628A811280048200CE1C03 /* aim.body.11.png in Resources */ = {isa = PBXBuildFile; fileRef = DA628A341280048200CE1C03 /* aim.body.11.png */; };
		DA628A821280048200CE1C03 /* aim.body.12.png in Resources */ = {isa = PBXBuildFile; fileRef = DA628A351280048200CE1C03 /* aim.body.12.png */; };
		DA628A831280048200CE1C03 /* aim.body.13.png in Resources */ = {isa = PBXBuildFile; fileRef = DA628A361280048200CE1C03 /* aim.body.13.png */; };
		DA628A841280048200CE1C03 /* aim.body.14.png in Resources */ = {isa = PBXBuildFile; fileRef = DA628A371280048200CE1C03 /* aim.body.14.png */; };
		DA628A851280048200CE1C03 /* aim.body.15.png in Resources */ = {isa = PBXBuildFile; fileRef = DA628A381280048200CE1C03 /* aim.body.15.png */; };
		DA628A861280048200CE1C03 /* aim.body.2.png in Resources */ = {isa = PBXBuildFile; fileRef = DA628A391280048200CE1C03 /* aim.body.2.png */; };
		DA628A871280048200CE1C03 /* aim.body.3.png in Resources */ = {isa = PBXBuildFile; fileRef = DA628A3A1280048200CE1C03 /* aim.body.3.png */; };
		DA628A881280048200CE1C03 /* aim.body.4.png in Resources */ = {isa = PBXBuildFile; fileRef = DA628A3B1280048200CE1C03 /* aim.body.4.png */; };
		DA628A891280048200CE1C03 /* aim.body.5.png in Resources */ = {isa = PBXBuildFile; fileRef = DA628A3C1280048200CE1C03 /* aim.body.5.png */; };
		DA628A8A1280048200CE1C03 /* aim.body.6.png in Resources */ = {isa = PBXBuildFile; fileRef = DA628A3D1280048200CE1C03 /* aim.body.6.png */; };
		DA628A8B1280048200CE1C03 /* aim.body.7.png in Resources */ = {isa = PBXBuildFile; fileRef = DA628A3E1280048200CE1C03 /* aim.body.7.png */; };
		DA628A8C1280048200CE1C03 /* aim.body.8.png in Resources */ = {isa = PBXBuildFile; fileRef = DA628A3F1280048200CE1C03 /* aim.body.8.png */; };
		DA628A8D1280048200CE1C03 /* aim.body.9.png in Resources */ = {isa = PBXBuildFile; fileRef = DA628A401280048200CE1C03 /* aim.body.9.png */; };
		DA628A8E1280048200CE1C03 /* aim.head.png in Resources */ = {isa = PBXBuildFile; fileRef = DA628A411280048200CE1C03 /* aim.head.png */; };
		DA628A8F1280048200CE1C03 /* aim.tail.png in Resources */ = {isa = PBXBuildFile; fileRef = DA628A421280048200CE1C03 /* aim.tail.png */; };
		DA628A901280048200CE1C03 /* bar.png in Resources */ = {isa = PBXBuildFile; fileRef = DA628A431280048200CE1C03 /* bar.png */; };
		DA628A911280048200CE1C03 /* bonk.png in Resources */ = {isa = PBXBuildFile; fileRef = DA628A441280048200CE1C03 /* bonk.png */; };
		DA628A921280048200CE1C03 /* fire.png in Resources */ = {isa = PBXBuildFile; fileRef = DA628A451280048200CE1C03 /* fire.png */; };
		DA628A931280048200CE1C03 /* fps_images.png in Resources */ = {isa = PBXBuildFile; fileRef = DA628A461280048200CE1C03 /* fps_images.png */; };
		DA628A941280048200CE1C03 /* bar.xcf in Resources */ = {isa = PBXBuildFile; fileRef = DA628A481280048200CE1C03 /* bar.xcf */; };
		DA628A951280048200CE1C03 /* smoke.png in Resources */ = {isa = PBXBuildFile; fileRef = DA628A491280048200CE1C03 /* smoke.png */; };
		DA628A961280048200CE1C03 /* snapclick.caf in Resources */ = {isa = PBXBuildFile; fileRef = DA628A4A1280048200CE1C03 /* snapclick.caf */; };
		DA628A971280048200CE1C03 /* wheel.png in Resources */ = {isa = PBXBuildFile; fileRef = DA628A4B1280048200CE1C03 /* wheel.png */; };
		DA628A981280048200CE1C03 /* ivarToProps in Resources */ = {isa = PBXBuildFile; fileRef = DA628A4D1280048200CE1C03 /* ivarToProps */; };
		DA628A991280048200CE1C03 /* propDeallocs in Resources */ = {isa = PBXBuildFile; fileRef = DA628A4E1280048200CE1C03 /* propDeallocs */; };
		DA628A9A1280048200CE1C03 /* AudioController.m in Sources */ = {isa = PBXBuildFile; fileRef = DA628A511280048200CE1C03 /* AudioController.m */; };
		DA628A9B1280048200CE1C03 /* Config.m in Sources */ = {isa = PBXBuildFile; fileRef = DA628A531280048200CE1C03 /* Config.m */; };
		DA628A9C1280048200CE1C03 /* CryptUtils.m in Sources */ = {isa = PBXBuildFile; fileRef = DA628A551280048200CE1C03 /* CryptUtils.m */; };
		DA628A9D1280048200CE1C03 /* DeviceUtils.m in Sources */ = {isa = PBXBuildFile; fileRef = DA628A571280048200CE1C03 /* DeviceUtils.m */; };
		DA628A9E1280048200CE1C03 /* Layout.m in Sources */ = {isa = PBXBuildFile; fileRef = DA628A591280048200CE1C03 /* Layout.m */; };
		DA628A9F1280048200CE1C03 /* Logger.m in Sources */ = {isa = PBXBuildFile; fileRef = DA628A5B1280048200CE1C03 /* Logger.m */; };
		DA628AA01280048200CE1C03 /* NSData_MBBase64.m in Sources */ = {isa = PBXBuildFile; fileRef = DA628A5D1280048200CE1C03 /* NSData_MBBase64.m */; };
		DA628AA11280048200CE1C03 /* NSString_NSArrayFormat.m in Sources */ = {isa = PBXBuildFile; fileRef = DA628A5F1280048200CE1C03 /* NSString_NSArrayFormat.m */; };
		DA628AA21280048200CE1C03 /* NSString_SEL.m in Sources */ = {isa = PBXBuildFile; fileRef = DA628A611280048200CE1C03 /* NSString_SEL.m */; };
		DA628AA31280048200CE1C03 /* StringUtils.m in Sources */ = {isa = PBXBuildFile; fileRef = DA628A631280048200CE1C03 /* StringUtils.m */; };
		DA628AA41280048200CE1C03 /* UIUtils.m in Sources */ = {isa = PBXBuildFile; fileRef = DA628A651280048200CE1C03 /* UIUtils.m */; };
/* End PBXBuildFile section */

/* Begin PBXContainerItemProxy section */
		DA1AC71D108C9A2400C9AD7B /* PBXContainerItemProxy */ = {
			isa = PBXContainerItemProxy;
			containerPortal = 29B97313FDCFA39411CA2CEA /* Project object */;
			proxyType = 1;
			remoteGlobalIDString = DA1AC4A1108C997600C9AD7B;
			remoteInfo = "cocos2d-iphone";
		};
		DA1AC744108C9A8B00C9AD7B /* PBXContainerItemProxy */ = {
			isa = PBXContainerItemProxy;
			containerPortal = 29B97313FDCFA39411CA2CEA /* Project object */;
			proxyType = 1;
			remoteGlobalIDString = DA1AC726108C9A4C00C9AD7B;
			remoteInfo = FontLabel;
		};
/* End PBXContainerItemProxy section */

/* Begin PBXFileReference section */
		29B97316FDCFA39411CA2CEA /* main.m */ = {isa = PBXFileReference; fileEncoding = 4; lastKnownFileType = sourcecode.c.objc; path = main.m; sourceTree = "<group>"; };
		32CA4F630368D1EE00C91783 /* Prefix.pch */ = {isa = PBXFileReference; fileEncoding = 4; lastKnownFileType = sourcecode.c.h; path = Prefix.pch; sourceTree = "<group>"; };
		8D1107310486CEB800E47090 /* Info.plist */ = {isa = PBXFileReference; fileEncoding = 4; lastKnownFileType = text.plist.xml; path = Info.plist; sourceTree = "<group>"; };
		DA1AC4A2108C997600C9AD7B /* libcocos2d-iphone.a */ = {isa = PBXFileReference; explicitFileType = archive.ar; includeInIndex = 0; path = "libcocos2d-iphone.a"; sourceTree = BUILT_PRODUCTS_DIR; };
		DA1AC658108C99F300C9AD7B /* AVFoundation.framework */ = {isa = PBXFileReference; lastKnownFileType = wrapper.framework; name = AVFoundation.framework; path = System/Library/Frameworks/AVFoundation.framework; sourceTree = SDKROOT; };
		DA1AC65A108C99F300C9AD7B /* AudioToolbox.framework */ = {isa = PBXFileReference; lastKnownFileType = wrapper.framework; name = AudioToolbox.framework; path = System/Library/Frameworks/AudioToolbox.framework; sourceTree = SDKROOT; };
		DA1AC65E108C99F300C9AD7B /* CoreGraphics.framework */ = {isa = PBXFileReference; lastKnownFileType = wrapper.framework; name = CoreGraphics.framework; path = System/Library/Frameworks/CoreGraphics.framework; sourceTree = SDKROOT; };
		DA1AC660108C99F300C9AD7B /* OpenGLES.framework */ = {isa = PBXFileReference; lastKnownFileType = wrapper.framework; name = OpenGLES.framework; path = System/Library/Frameworks/OpenGLES.framework; sourceTree = SDKROOT; };
		DA1AC662108C99F300C9AD7B /* QuartzCore.framework */ = {isa = PBXFileReference; lastKnownFileType = wrapper.framework; name = QuartzCore.framework; path = System/Library/Frameworks/QuartzCore.framework; sourceTree = SDKROOT; };
		DA1AC664108C99F300C9AD7B /* UIKit.framework */ = {isa = PBXFileReference; lastKnownFileType = wrapper.framework; name = UIKit.framework; path = System/Library/Frameworks/UIKit.framework; sourceTree = SDKROOT; };
		DA1AC71B108C9A1A00C9AD7B /* Foundation.framework */ = {isa = PBXFileReference; lastKnownFileType = wrapper.framework; name = Foundation.framework; path = System/Library/Frameworks/Foundation.framework; sourceTree = SDKROOT; };
		DA1AC727108C9A4C00C9AD7B /* libFontLabel.a */ = {isa = PBXFileReference; explicitFileType = archive.ar; includeInIndex = 0; path = libFontLabel.a; sourceTree = BUILT_PRODUCTS_DIR; };
		DA379EBC0F0964BA00541EF4 /* iLibsDev.app */ = {isa = PBXFileReference; explicitFileType = wrapper.application; includeInIndex = 0; path = iLibsDev.app; sourceTree = BUILT_PRODUCTS_DIR; };
		DA6289ED1280048200CE1C03 /* AbstractAppDelegate.h */ = {isa = PBXFileReference; fileEncoding = 4; lastKnownFileType = sourcecode.c.h; path = AbstractAppDelegate.h; sourceTree = "<group>"; };
		DA6289EE1280048200CE1C03 /* AbstractAppDelegate.m */ = {isa = PBXFileReference; fileEncoding = 4; lastKnownFileType = sourcecode.c.objc; path = AbstractAppDelegate.m; sourceTree = "<group>"; };
		DA6289F01280048200CE1C03 /* AbstractCocos2DAppDelegate.h */ = {isa = PBXFileReference; fileEncoding = 4; lastKnownFileType = sourcecode.c.h; path = AbstractCocos2DAppDelegate.h; sourceTree = "<group>"; };
		DA6289F11280048200CE1C03 /* AbstractCocos2DAppDelegate.m */ = {isa = PBXFileReference; fileEncoding = 4; lastKnownFileType = sourcecode.c.objc; path = AbstractCocos2DAppDelegate.m; sourceTree = "<group>"; };
		DA6289F31280048200CE1C03 /* Remove.h */ = {isa = PBXFileReference; fileEncoding = 4; lastKnownFileType = sourcecode.c.h; path = Remove.h; sourceTree = "<group>"; };
		DA6289F41280048200CE1C03 /* Remove.m */ = {isa = PBXFileReference; fileEncoding = 4; lastKnownFileType = sourcecode.c.objc; path = Remove.m; sourceTree = "<group>"; };
		DA6289F61280048200CE1C03 /* ActivitySprite.h */ = {isa = PBXFileReference; fileEncoding = 4; lastKnownFileType = sourcecode.c.h; path = ActivitySprite.h; sourceTree = "<group>"; };
		DA6289F71280048200CE1C03 /* ActivitySprite.m */ = {isa = PBXFileReference; fileEncoding = 4; lastKnownFileType = sourcecode.c.objc; path = ActivitySprite.m; sourceTree = "<group>"; };
		DA6289F81280048200CE1C03 /* BarLayer.h */ = {isa = PBXFileReference; fileEncoding = 4; lastKnownFileType = sourcecode.c.h; path = BarLayer.h; sourceTree = "<group>"; };
		DA6289F91280048200CE1C03 /* BarLayer.m */ = {isa = PBXFileReference; fileEncoding = 4; lastKnownFileType = sourcecode.c.objc; path = BarLayer.m; sourceTree = "<group>"; };
		DA6289FA1280048200CE1C03 /* BarSprite.h */ = {isa = PBXFileReference; fileEncoding = 4; lastKnownFileType = sourcecode.c.h; path = BarSprite.h; sourceTree = "<group>"; };
		DA6289FB1280048200CE1C03 /* BarSprite.m */ = {isa = PBXFileReference; fileEncoding = 4; lastKnownFileType = sourcecode.c.objc; path = BarSprite.m; sourceTree = "<group>"; };
		DA6289FC1280048200CE1C03 /* DebugLayer.h */ = {isa = PBXFileReference; fileEncoding = 4; lastKnownFileType = sourcecode.c.h; path = DebugLayer.h; sourceTree = "<group>"; };
		DA6289FD1280048200CE1C03 /* DebugLayer.m */ = {isa = PBXFileReference; fileEncoding = 4; lastKnownFileType = sourcecode.c.objc; path = DebugLayer.m; sourceTree = "<group>"; };
		DA6289FE1280048200CE1C03 /* FancyLayer.h */ = {isa = PBXFileReference; fileEncoding = 4; lastKnownFileType = sourcecode.c.h; path = FancyLayer.h; sourceTree = "<group>"; };
		DA6289FF1280048200CE1C03 /* FancyLayer.m */ = {isa = PBXFileReference; fileEncoding = 4; lastKnownFileType = sourcecode.c.objc; path = FancyLayer.m; sourceTree = "<group>"; };
		DA628A001280048200CE1C03 /* FlickLayer.h */ = {isa = PBXFileReference; fileEncoding = 4; lastKnownFileType = sourcecode.c.h; path = FlickLayer.h; sourceTree = "<group>"; };
		DA628A011280048200CE1C03 /* FlickLayer.m */ = {isa = PBXFileReference; fileEncoding = 4; lastKnownFileType = sourcecode.c.objc; path = FlickLayer.m; sourceTree = "<group>"; };
		DA628A021280048200CE1C03 /* HUDLayer.h */ = {isa = PBXFileReference; fileEncoding = 4; lastKnownFileType = sourcecode.c.h; path = HUDLayer.h; sourceTree = "<group>"; };
		DA628A031280048200CE1C03 /* HUDLayer.m */ = {isa = PBXFileReference; fileEncoding = 4; lastKnownFileType = sourcecode.c.objc; path = HUDLayer.m; sourceTree = "<group>"; };
		DA628A051280048200CE1C03 /* ConfigMenuLayer.h */ = {isa = PBXFileReference; fileEncoding = 4; lastKnownFileType = sourcecode.c.h; path = ConfigMenuLayer.h; sourceTree = "<group>"; };
		DA628A061280048200CE1C03 /* ConfigMenuLayer.m */ = {isa = PBXFileReference; fileEncoding = 4; lastKnownFileType = sourcecode.c.objc; path = ConfigMenuLayer.m; sourceTree = "<group>"; };
		DA628A071280048200CE1C03 /* MenuItemSpacer.h */ = {isa = PBXFileReference; fileEncoding = 4; lastKnownFileType = sourcecode.c.h; path = MenuItemSpacer.h; sourceTree = "<group>"; };
		DA628A081280048200CE1C03 /* MenuItemSpacer.m */ = {isa = PBXFileReference; fileEncoding = 4; lastKnownFileType = sourcecode.c.objc; path = MenuItemSpacer.m; sourceTree = "<group>"; };
		DA628A091280048200CE1C03 /* MenuItemSymbolic.h */ = {isa = PBXFileReference; fileEncoding = 4; lastKnownFileType = sourcecode.c.h; path = MenuItemSymbolic.h; sourceTree = "<group>"; };
		DA628A0A1280048200CE1C03 /* MenuItemSymbolic.m */ = {isa = PBXFileReference; fileEncoding = 4; lastKnownFileType = sourcecode.c.objc; path = MenuItemSymbolic.m; sourceTree = "<group>"; };
		DA628A0B1280048200CE1C03 /* MenuItemTitle.h */ = {isa = PBXFileReference; fileEncoding = 4; lastKnownFileType = sourcecode.c.h; path = MenuItemTitle.h; sourceTree = "<group>"; };
		DA628A0C1280048200CE1C03 /* MenuItemTitle.m */ = {isa = PBXFileReference; fileEncoding = 4; lastKnownFileType = sourcecode.c.objc; path = MenuItemTitle.m; sourceTree = "<group>"; };
		DA628A0D1280048200CE1C03 /* MenuLayer.h */ = {isa = PBXFileReference; fileEncoding = 4; lastKnownFileType = sourcecode.c.h; path = MenuLayer.h; sourceTree = "<group>"; };
		DA628A0E1280048200CE1C03 /* MenuLayer.m */ = {isa = PBXFileReference; fileEncoding = 4; lastKnownFileType = sourcecode.c.objc; path = MenuLayer.m; sourceTree = "<group>"; };
		DA628A0F1280048200CE1C03 /* ScrollLayer.h */ = {isa = PBXFileReference; fileEncoding = 4; lastKnownFileType = sourcecode.c.h; path = ScrollLayer.h; sourceTree = "<group>"; };
		DA628A101280048200CE1C03 /* ScrollLayer.m */ = {isa = PBXFileReference; fileEncoding = 4; lastKnownFileType = sourcecode.c.objc; path = ScrollLayer.m; sourceTree = "<group>"; };
		DA628A111280048200CE1C03 /* ShadeLayer.h */ = {isa = PBXFileReference; fileEncoding = 4; lastKnownFileType = sourcecode.c.h; path = ShadeLayer.h; sourceTree = "<group>"; };
		DA628A121280048200CE1C03 /* ShadeLayer.m */ = {isa = PBXFileReference; fileEncoding = 4; lastKnownFileType = sourcecode.c.objc; path = ShadeLayer.m; sourceTree = "<group>"; };
		DA628A131280048200CE1C03 /* Splash.h */ = {isa = PBXFileReference; fileEncoding = 4; lastKnownFileType = sourcecode.c.h; path = Splash.h; sourceTree = "<group>"; };
		DA628A141280048200CE1C03 /* Splash.m */ = {isa = PBXFileReference; fileEncoding = 4; lastKnownFileType = sourcecode.c.objc; path = Splash.m; sourceTree = "<group>"; };
		DA628A151280048200CE1C03 /* SwipeLayer.h */ = {isa = PBXFileReference; fileEncoding = 4; lastKnownFileType = sourcecode.c.h; path = SwipeLayer.h; sourceTree = "<group>"; };
		DA628A161280048200CE1C03 /* SwipeLayer.m */ = {isa = PBXFileReference; fileEncoding = 4; lastKnownFileType = sourcecode.c.objc; path = SwipeLayer.m; sourceTree = "<group>"; };
		DA628A171280048200CE1C03 /* UILayer.h */ = {isa = PBXFileReference; fileEncoding = 4; lastKnownFileType = sourcecode.c.h; path = UILayer.h; sourceTree = "<group>"; };
		DA628A181280048200CE1C03 /* UILayer.m */ = {isa = PBXFileReference; fileEncoding = 4; lastKnownFileType = sourcecode.c.objc; path = UILayer.m; sourceTree = "<group>"; };
		DA628A1A1280048200CE1C03 /* GLUtils.h */ = {isa = PBXFileReference; fileEncoding = 4; lastKnownFileType = sourcecode.c.h; path = GLUtils.h; sourceTree = "<group>"; };
		DA628A1B1280048200CE1C03 /* GLUtils.m */ = {isa = PBXFileReference; fileEncoding = 4; lastKnownFileType = sourcecode.c.objc; path = GLUtils.m; sourceTree = "<group>"; };
		DA628A1D1280048200CE1C03 /* Resettable.h */ = {isa = PBXFileReference; fileEncoding = 4; lastKnownFileType = sourcecode.c.h; path = Resettable.h; sourceTree = "<group>"; };
		DA628A201280048200CE1C03 /* Chinese */ = {isa = PBXFileReference; lastKnownFileType = image.png; name = Chinese; path = Chinese.lproj/menu.png; sourceTree = "<group>"; };
		DA628A221280048200CE1C03 /* Chinese */ = {isa = PBXFileReference; lastKnownFileType = image.png; name = Chinese; path = Chinese.lproj/score.png; sourceTree = "<group>"; };
		DA628A241280048200CE1C03 /* English */ = {isa = PBXFileReference; fileEncoding = 4; lastKnownFileType = text.plist.strings; name = English; path = English.lproj/Localizable.strings; sourceTree = "<group>"; };
		DA628A251280048200CE1C03 /* English */ = {isa = PBXFileReference; lastKnownFileType = image.png; name = English; path = English.lproj/menu.png; sourceTree = "<group>"; };
		DA628A261280048200CE1C03 /* English */ = {isa = PBXFileReference; lastKnownFileType = image.png; name = English; path = English.lproj/score.png; sourceTree = "<group>"; };
		DA628A271280048200CE1C03 /* French */ = {isa = PBXFileReference; lastKnownFileType = image.png; name = French; path = French.lproj/menu.png; sourceTree = "<group>"; };
		DA628A281280048200CE1C03 /* French */ = {isa = PBXFileReference; lastKnownFileType = image.png; name = French; path = French.lproj/score.png; sourceTree = "<group>"; };
		DA628A291280048200CE1C03 /* German */ = {isa = PBXFileReference; lastKnownFileType = image.png; name = German; path = German.lproj/menu.png; sourceTree = "<group>"; };
		DA628A2A1280048200CE1C03 /* German */ = {isa = PBXFileReference; lastKnownFileType = image.png; name = German; path = German.lproj/score.png; sourceTree = "<group>"; };
		DA628A2B1280048200CE1C03 /* Japanese */ = {isa = PBXFileReference; lastKnownFileType = image.png; name = Japanese; path = Japanese.lproj/menu.png; sourceTree = "<group>"; };
		DA628A2C1280048200CE1C03 /* Japanese */ = {isa = PBXFileReference; lastKnownFileType = image.png; name = Japanese; path = Japanese.lproj/score.png; sourceTree = "<group>"; };
		DA628A2D1280048200CE1C03 /* Russian */ = {isa = PBXFileReference; lastKnownFileType = image.png; name = Russian; path = Russian.lproj/menu.png; sourceTree = "<group>"; };
		DA628A2E1280048200CE1C03 /* Russian */ = {isa = PBXFileReference; lastKnownFileType = image.png; name = Russian; path = Russian.lproj/score.png; sourceTree = "<group>"; };
		DA628A2F1280048200CE1C03 /* Spanish */ = {isa = PBXFileReference; lastKnownFileType = image.png; name = Spanish; path = Spanish.lproj/menu.png; sourceTree = "<group>"; };
		DA628A301280048200CE1C03 /* Spanish */ = {isa = PBXFileReference; lastKnownFileType = image.png; name = Spanish; path = Spanish.lproj/score.png; sourceTree = "<group>"; };
		DA628A311280048200CE1C03 /* aim.body.0.png */ = {isa = PBXFileReference; lastKnownFileType = image.png; path = aim.body.0.png; sourceTree = "<group>"; };
		DA628A321280048200CE1C03 /* aim.body.1.png */ = {isa = PBXFileReference; lastKnownFileType = image.png; path = aim.body.1.png; sourceTree = "<group>"; };
		DA628A331280048200CE1C03 /* aim.body.10.png */ = {isa = PBXFileReference; lastKnownFileType = image.png; path = aim.body.10.png; sourceTree = "<group>"; };
		DA628A341280048200CE1C03 /* aim.body.11.png */ = {isa = PBXFileReference; lastKnownFileType = image.png; path = aim.body.11.png; sourceTree = "<group>"; };
		DA628A351280048200CE1C03 /* aim.body.12.png */ = {isa = PBXFileReference; lastKnownFileType = image.png; path = aim.body.12.png; sourceTree = "<group>"; };
		DA628A361280048200CE1C03 /* aim.body.13.png */ = {isa = PBXFileReference; lastKnownFileType = image.png; path = aim.body.13.png; sourceTree = "<group>"; };
		DA628A371280048200CE1C03 /* aim.body.14.png */ = {isa = PBXFileReference; lastKnownFileType = image.png; path = aim.body.14.png; sourceTree = "<group>"; };
		DA628A381280048200CE1C03 /* aim.body.15.png */ = {isa = PBXFileReference; lastKnownFileType = image.png; path = aim.body.15.png; sourceTree = "<group>"; };
		DA628A391280048200CE1C03 /* aim.body.2.png */ = {isa = PBXFileReference; lastKnownFileType = image.png; path = aim.body.2.png; sourceTree = "<group>"; };
		DA628A3A1280048200CE1C03 /* aim.body.3.png */ = {isa = PBXFileReference; lastKnownFileType = image.png; path = aim.body.3.png; sourceTree = "<group>"; };
		DA628A3B1280048200CE1C03 /* aim.body.4.png */ = {isa = PBXFileReference; lastKnownFileType = image.png; path = aim.body.4.png; sourceTree = "<group>"; };
		DA628A3C1280048200CE1C03 /* aim.body.5.png */ = {isa = PBXFileReference; lastKnownFileType = image.png; path = aim.body.5.png; sourceTree = "<group>"; };
		DA628A3D1280048200CE1C03 /* aim.body.6.png */ = {isa = PBXFileReference; lastKnownFileType = image.png; path = aim.body.6.png; sourceTree = "<group>"; };
		DA628A3E1280048200CE1C03 /* aim.body.7.png */ = {isa = PBXFileReference; lastKnownFileType = image.png; path = aim.body.7.png; sourceTree = "<group>"; };
		DA628A3F1280048200CE1C03 /* aim.body.8.png */ = {isa = PBXFileReference; lastKnownFileType = image.png; path = aim.body.8.png; sourceTree = "<group>"; };
		DA628A401280048200CE1C03 /* aim.body.9.png */ = {isa = PBXFileReference; lastKnownFileType = image.png; path = aim.body.9.png; sourceTree = "<group>"; };
		DA628A411280048200CE1C03 /* aim.head.png */ = {isa = PBXFileReference; lastKnownFileType = image.png; path = aim.head.png; sourceTree = "<group>"; };
		DA628A421280048200CE1C03 /* aim.tail.png */ = {isa = PBXFileReference; lastKnownFileType = image.png; path = aim.tail.png; sourceTree = "<group>"; };
		DA628A431280048200CE1C03 /* bar.png */ = {isa = PBXFileReference; lastKnownFileType = image.png; path = bar.png; sourceTree = "<group>"; };
		DA628A441280048200CE1C03 /* bonk.png */ = {isa = PBXFileReference; lastKnownFileType = image.png; path = bonk.png; sourceTree = "<group>"; };
		DA628A451280048200CE1C03 /* fire.png */ = {isa = PBXFileReference; lastKnownFileType = image.png; path = fire.png; sourceTree = "<group>"; };
		DA628A461280048200CE1C03 /* fps_images.png */ = {isa = PBXFileReference; lastKnownFileType = image.png; path = fps_images.png; sourceTree = "<group>"; };
		DA628A481280048200CE1C03 /* bar.xcf */ = {isa = PBXFileReference; lastKnownFileType = file; path = bar.xcf; sourceTree = "<group>"; };
		DA628A491280048200CE1C03 /* smoke.png */ = {isa = PBXFileReference; lastKnownFileType = image.png; path = smoke.png; sourceTree = "<group>"; };
		DA628A4A1280048200CE1C03 /* snapclick.caf */ = {isa = PBXFileReference; lastKnownFileType = file; path = snapclick.caf; sourceTree = "<group>"; };
		DA628A4B1280048200CE1C03 /* wheel.png */ = {isa = PBXFileReference; lastKnownFileType = image.png; path = wheel.png; sourceTree = "<group>"; };
		DA628A4D1280048200CE1C03 /* ivarToProps */ = {isa = PBXFileReference; fileEncoding = 4; lastKnownFileType = text; path = ivarToProps; sourceTree = "<group>"; };
		DA628A4E1280048200CE1C03 /* propDeallocs */ = {isa = PBXFileReference; fileEncoding = 4; lastKnownFileType = text; path = propDeallocs; sourceTree = "<group>"; };
		DA628A501280048200CE1C03 /* AudioController.h */ = {isa = PBXFileReference; fileEncoding = 4; lastKnownFileType = sourcecode.c.h; path = AudioController.h; sourceTree = "<group>"; };
		DA628A511280048200CE1C03 /* AudioController.m */ = {isa = PBXFileReference; fileEncoding = 4; lastKnownFileType = sourcecode.c.objc; path = AudioController.m; sourceTree = "<group>"; };
		DA628A521280048200CE1C03 /* Config.h */ = {isa = PBXFileReference; fileEncoding = 4; lastKnownFileType = sourcecode.c.h; path = Config.h; sourceTree = "<group>"; };
		DA628A531280048200CE1C03 /* Config.m */ = {isa = PBXFileReference; fileEncoding = 4; lastKnownFileType = sourcecode.c.objc; path = Config.m; sourceTree = "<group>"; };
		DA628A541280048200CE1C03 /* CryptUtils.h */ = {isa = PBXFileReference; fileEncoding = 4; lastKnownFileType = sourcecode.c.h; path = CryptUtils.h; sourceTree = "<group>"; };
		DA628A551280048200CE1C03 /* CryptUtils.m */ = {isa = PBXFileReference; fileEncoding = 4; lastKnownFileType = sourcecode.c.objc; path = CryptUtils.m; sourceTree = "<group>"; };
		DA628A561280048200CE1C03 /* DeviceUtils.h */ = {isa = PBXFileReference; fileEncoding = 4; lastKnownFileType = sourcecode.c.h; path = DeviceUtils.h; sourceTree = "<group>"; };
		DA628A571280048200CE1C03 /* DeviceUtils.m */ = {isa = PBXFileReference; fileEncoding = 4; lastKnownFileType = sourcecode.c.objc; path = DeviceUtils.m; sourceTree = "<group>"; };
		DA628A581280048200CE1C03 /* Layout.h */ = {isa = PBXFileReference; fileEncoding = 4; lastKnownFileType = sourcecode.c.h; path = Layout.h; sourceTree = "<group>"; };
		DA628A591280048200CE1C03 /* Layout.m */ = {isa = PBXFileReference; fileEncoding = 4; lastKnownFileType = sourcecode.c.objc; path = Layout.m; sourceTree = "<group>"; };
		DA628A5A1280048200CE1C03 /* Logger.h */ = {isa = PBXFileReference; fileEncoding = 4; lastKnownFileType = sourcecode.c.h; path = Logger.h; sourceTree = "<group>"; };
		DA628A5B1280048200CE1C03 /* Logger.m */ = {isa = PBXFileReference; fileEncoding = 4; lastKnownFileType = sourcecode.c.objc; path = Logger.m; sourceTree = "<group>"; };
		DA628A5C1280048200CE1C03 /* NSData_MBBase64.h */ = {isa = PBXFileReference; fileEncoding = 4; lastKnownFileType = sourcecode.c.h; path = NSData_MBBase64.h; sourceTree = "<group>"; };
		DA628A5D1280048200CE1C03 /* NSData_MBBase64.m */ = {isa = PBXFileReference; fileEncoding = 4; lastKnownFileType = sourcecode.c.objc; path = NSData_MBBase64.m; sourceTree = "<group>"; };
		DA628A5E1280048200CE1C03 /* NSString_NSArrayFormat.h */ = {isa = PBXFileReference; fileEncoding = 4; lastKnownFileType = sourcecode.c.h; path = NSString_NSArrayFormat.h; sourceTree = "<group>"; };
		DA628A5F1280048200CE1C03 /* NSString_NSArrayFormat.m */ = {isa = PBXFileReference; fileEncoding = 4; lastKnownFileType = sourcecode.c.objc; path = NSString_NSArrayFormat.m; sourceTree = "<group>"; };
		DA628A601280048200CE1C03 /* NSString_SEL.h */ = {isa = PBXFileReference; fileEncoding = 4; lastKnownFileType = sourcecode.c.h; path = NSString_SEL.h; sourceTree = "<group>"; };
		DA628A611280048200CE1C03 /* NSString_SEL.m */ = {isa = PBXFileReference; fileEncoding = 4; lastKnownFileType = sourcecode.c.objc; path = NSString_SEL.m; sourceTree = "<group>"; };
		DA628A621280048200CE1C03 /* StringUtils.h */ = {isa = PBXFileReference; fileEncoding = 4; lastKnownFileType = sourcecode.c.h; path = StringUtils.h; sourceTree = "<group>"; };
		DA628A631280048200CE1C03 /* StringUtils.m */ = {isa = PBXFileReference; fileEncoding = 4; lastKnownFileType = sourcecode.c.objc; path = StringUtils.m; sourceTree = "<group>"; };
		DA628A641280048200CE1C03 /* UIUtils.h */ = {isa = PBXFileReference; fileEncoding = 4; lastKnownFileType = sourcecode.c.h; path = UIUtils.h; sourceTree = "<group>"; };
		DA628A651280048200CE1C03 /* UIUtils.m */ = {isa = PBXFileReference; fileEncoding = 4; lastKnownFileType = sourcecode.c.objc; path = UIUtils.m; sourceTree = "<group>"; };
/* End PBXFileReference section */

/* Begin PBXFrameworksBuildPhase section */
		1D60588F0D05DD3D006BFB54 /* Frameworks */ = {
			isa = PBXFrameworksBuildPhase;
			buildActionMask = 2147483647;
			files = (
				DA1AC657108C99D700C9AD7B /* libcocos2d-iphone.a in Frameworks */,
				DA1AC659108C99F300C9AD7B /* AVFoundation.framework in Frameworks */,
				DA1AC65B108C99F300C9AD7B /* AudioToolbox.framework in Frameworks */,
				DA1AC65F108C99F300C9AD7B /* CoreGraphics.framework in Frameworks */,
				DA1AC661108C99F300C9AD7B /* OpenGLES.framework in Frameworks */,
				DA1AC663108C99F300C9AD7B /* QuartzCore.framework in Frameworks */,
				DA1AC665108C99F300C9AD7B /* UIKit.framework in Frameworks */,
				DA1AC71C108C9A1A00C9AD7B /* Foundation.framework in Frameworks */,
				DA1AC746108C9A9400C9AD7B /* libFontLabel.a in Frameworks */,
			);
			runOnlyForDeploymentPostprocessing = 0;
		};
		DA1AC4A0108C997600C9AD7B /* Frameworks */ = {
			isa = PBXFrameworksBuildPhase;
			buildActionMask = 2147483647;
			files = (
			);
			runOnlyForDeploymentPostprocessing = 0;
		};
		DA1AC725108C9A4C00C9AD7B /* Frameworks */ = {
			isa = PBXFrameworksBuildPhase;
			buildActionMask = 2147483647;
			files = (
			);
			runOnlyForDeploymentPostprocessing = 0;
		};
/* End PBXFrameworksBuildPhase section */

/* Begin PBXGroup section */
		19C28FACFE9D520D11CA2CBB /* Products */ = {
			isa = PBXGroup;
			children = (
				DA379EBC0F0964BA00541EF4 /* iLibsDev.app */,
				DA1AC4A2108C997600C9AD7B /* libcocos2d-iphone.a */,
				DA1AC727108C9A4C00C9AD7B /* libFontLabel.a */,
			);
			name = Products;
			sourceTree = "<group>";
		};
		29B97314FDCFA39411CA2CEA /* CustomTemplate */ = {
			isa = PBXGroup;
			children = (
				DA6289EC1280048200CE1C03 /* iLibs */,
				DA92E408127ADACB004AC5DE /* Classes */,
				DABF1FF40EB2703B002C32BF /* Support */,
				29B97315FDCFA39411CA2CEA /* Other Sources */,
				29B97317FDCFA39411CA2CEA /* Resources */,
				29B97323FDCFA39411CA2CEA /* Frameworks */,
				19C28FACFE9D520D11CA2CBB /* Products */,
			);
			name = CustomTemplate;
			sourceTree = "<group>";
		};
		29B97315FDCFA39411CA2CEA /* Other Sources */ = {
			isa = PBXGroup;
			children = (
				32CA4F630368D1EE00C91783 /* Prefix.pch */,
				29B97316FDCFA39411CA2CEA /* main.m */,
			);
			name = "Other Sources";
			sourceTree = "<group>";
		};
		29B97317FDCFA39411CA2CEA /* Resources */ = {
			isa = PBXGroup;
			children = (
				8D1107310486CEB800E47090 /* Info.plist */,
			);
			name = Resources;
			sourceTree = "<group>";
		};
		29B97323FDCFA39411CA2CEA /* Frameworks */ = {
			isa = PBXGroup;
			children = (
				DA1AC71B108C9A1A00C9AD7B /* Foundation.framework */,
				DA1AC658108C99F300C9AD7B /* AVFoundation.framework */,
				DA1AC65A108C99F300C9AD7B /* AudioToolbox.framework */,
				DA1AC65E108C99F300C9AD7B /* CoreGraphics.framework */,
				DA1AC660108C99F300C9AD7B /* OpenGLES.framework */,
				DA1AC662108C99F300C9AD7B /* QuartzCore.framework */,
				DA1AC664108C99F300C9AD7B /* UIKit.framework */,
			);
			name = Frameworks;
			sourceTree = "<group>";
		};
		DA6289EC1280048200CE1C03 /* iLibs */ = {
			isa = PBXGroup;
			children = (
				DA6289ED1280048200CE1C03 /* AbstractAppDelegate.h */,
				DA6289EE1280048200CE1C03 /* AbstractAppDelegate.m */,
				DA6289EF1280048200CE1C03 /* Cocos2D */,
				DA628A1C1280048200CE1C03 /* Protocol */,
				DA628A1E1280048200CE1C03 /* Resources */,
				DA628A4C1280048200CE1C03 /* Scripts */,
				DA628A4F1280048200CE1C03 /* Utility */,
			);
			path = iLibs;
			sourceTree = "<group>";
		};
		DA6289EF1280048200CE1C03 /* Cocos2D */ = {
			isa = PBXGroup;
			children = (
				DA6289F01280048200CE1C03 /* AbstractCocos2DAppDelegate.h */,
				DA6289F11280048200CE1C03 /* AbstractCocos2DAppDelegate.m */,
				DA6289F21280048200CE1C03 /* Actions */,
				DA6289F51280048200CE1C03 /* View */,
			);
			path = Cocos2D;
			sourceTree = "<group>";
		};
		DA6289F21280048200CE1C03 /* Actions */ = {
			isa = PBXGroup;
			children = (
				DA6289F31280048200CE1C03 /* Remove.h */,
				DA6289F41280048200CE1C03 /* Remove.m */,
			);
			path = Actions;
			sourceTree = "<group>";
		};
		DA6289F51280048200CE1C03 /* View */ = {
			isa = PBXGroup;
			children = (
				DA6289F61280048200CE1C03 /* ActivitySprite.h */,
				DA6289F71280048200CE1C03 /* ActivitySprite.m */,
				DA6289F81280048200CE1C03 /* BarLayer.h */,
				DA6289F91280048200CE1C03 /* BarLayer.m */,
				DA6289FA1280048200CE1C03 /* BarSprite.h */,
				DA6289FB1280048200CE1C03 /* BarSprite.m */,
				DA6289FC1280048200CE1C03 /* DebugLayer.h */,
				DA6289FD1280048200CE1C03 /* DebugLayer.m */,
				DA6289FE1280048200CE1C03 /* FancyLayer.h */,
				DA6289FF1280048200CE1C03 /* FancyLayer.m */,
				DA628A001280048200CE1C03 /* FlickLayer.h */,
				DA628A011280048200CE1C03 /* FlickLayer.m */,
				DA628A021280048200CE1C03 /* HUDLayer.h */,
				DA628A031280048200CE1C03 /* HUDLayer.m */,
				DA628A041280048200CE1C03 /* Menus */,
				DA628A0F1280048200CE1C03 /* ScrollLayer.h */,
				DA628A101280048200CE1C03 /* ScrollLayer.m */,
				DA628A111280048200CE1C03 /* ShadeLayer.h */,
				DA628A121280048200CE1C03 /* ShadeLayer.m */,
				DA628A131280048200CE1C03 /* Splash.h */,
				DA628A141280048200CE1C03 /* Splash.m */,
				DA628A151280048200CE1C03 /* SwipeLayer.h */,
				DA628A161280048200CE1C03 /* SwipeLayer.m */,
				DA628A171280048200CE1C03 /* UILayer.h */,
				DA628A181280048200CE1C03 /* UILayer.m */,
				DA628A191280048200CE1C03 /* Utility */,
			);
			path = View;
			sourceTree = "<group>";
		};
		DA628A041280048200CE1C03 /* Menus */ = {
			isa = PBXGroup;
			children = (
				DA628A051280048200CE1C03 /* ConfigMenuLayer.h */,
				DA628A061280048200CE1C03 /* ConfigMenuLayer.m */,
				DA628A071280048200CE1C03 /* MenuItemSpacer.h */,
				DA628A081280048200CE1C03 /* MenuItemSpacer.m */,
				DA628A091280048200CE1C03 /* MenuItemSymbolic.h */,
				DA628A0A1280048200CE1C03 /* MenuItemSymbolic.m */,
				DA628A0B1280048200CE1C03 /* MenuItemTitle.h */,
				DA628A0C1280048200CE1C03 /* MenuItemTitle.m */,
				DA628A0D1280048200CE1C03 /* MenuLayer.h */,
				DA628A0E1280048200CE1C03 /* MenuLayer.m */,
			);
			path = Menus;
			sourceTree = "<group>";
		};
		DA628A191280048200CE1C03 /* Utility */ = {
			isa = PBXGroup;
			children = (
				DA628A1A1280048200CE1C03 /* GLUtils.h */,
				DA628A1B1280048200CE1C03 /* GLUtils.m */,
			);
			path = Utility;
			sourceTree = "<group>";
		};
		DA628A1C1280048200CE1C03 /* Protocol */ = {
			isa = PBXGroup;
			children = (
				DA628A1D1280048200CE1C03 /* Resettable.h */,
			);
			path = Protocol;
			sourceTree = "<group>";
		};
		DA628A1E1280048200CE1C03 /* Resources */ = {
			isa = PBXGroup;
			children = (
				DA628A1F1280048200CE1C03 /* menu.png */,
				DA628A211280048200CE1C03 /* score.png */,
				DA628A231280048200CE1C03 /* Localizable.strings */,
				DA628A311280048200CE1C03 /* aim.body.0.png */,
				DA628A321280048200CE1C03 /* aim.body.1.png */,
				DA628A331280048200CE1C03 /* aim.body.10.png */,
				DA628A341280048200CE1C03 /* aim.body.11.png */,
				DA628A351280048200CE1C03 /* aim.body.12.png */,
				DA628A361280048200CE1C03 /* aim.body.13.png */,
				DA628A371280048200CE1C03 /* aim.body.14.png */,
				DA628A381280048200CE1C03 /* aim.body.15.png */,
				DA628A391280048200CE1C03 /* aim.body.2.png */,
				DA628A3A1280048200CE1C03 /* aim.body.3.png */,
				DA628A3B1280048200CE1C03 /* aim.body.4.png */,
				DA628A3C1280048200CE1C03 /* aim.body.5.png */,
				DA628A3D1280048200CE1C03 /* aim.body.6.png */,
				DA628A3E1280048200CE1C03 /* aim.body.7.png */,
				DA628A3F1280048200CE1C03 /* aim.body.8.png */,
				DA628A401280048200CE1C03 /* aim.body.9.png */,
				DA628A411280048200CE1C03 /* aim.head.png */,
				DA628A421280048200CE1C03 /* aim.tail.png */,
				DA628A431280048200CE1C03 /* bar.png */,
				DA628A441280048200CE1C03 /* bonk.png */,
				DA628A451280048200CE1C03 /* fire.png */,
				DA628A461280048200CE1C03 /* fps_images.png */,
				DA628A471280048200CE1C03 /* raw */,
				DA628A491280048200CE1C03 /* smoke.png */,
				DA628A4A1280048200CE1C03 /* snapclick.caf */,
				DA628A4B1280048200CE1C03 /* wheel.png */,
			);
			path = Resources;
			sourceTree = "<group>";
		};
		DA628A471280048200CE1C03 /* raw */ = {
			isa = PBXGroup;
			children = (
				DA628A481280048200CE1C03 /* bar.xcf */,
			);
			path = raw;
			sourceTree = "<group>";
		};
		DA628A4C1280048200CE1C03 /* Scripts */ = {
			isa = PBXGroup;
			children = (
				DA628A4D1280048200CE1C03 /* ivarToProps */,
				DA628A4E1280048200CE1C03 /* propDeallocs */,
			);
			path = Scripts;
			sourceTree = "<group>";
		};
		DA628A4F1280048200CE1C03 /* Utility */ = {
			isa = PBXGroup;
			children = (
				DA628A501280048200CE1C03 /* AudioController.h */,
				DA628A511280048200CE1C03 /* AudioController.m */,
				DA628A521280048200CE1C03 /* Config.h */,
				DA628A531280048200CE1C03 /* Config.m */,
				DA628A541280048200CE1C03 /* CryptUtils.h */,
				DA628A551280048200CE1C03 /* CryptUtils.m */,
				DA628A561280048200CE1C03 /* DeviceUtils.h */,
				DA628A571280048200CE1C03 /* DeviceUtils.m */,
				DA628A581280048200CE1C03 /* Layout.h */,
				DA628A591280048200CE1C03 /* Layout.m */,
				DA628A5A1280048200CE1C03 /* Logger.h */,
				DA628A5B1280048200CE1C03 /* Logger.m */,
				DA628A5C1280048200CE1C03 /* NSData_MBBase64.h */,
				DA628A5D1280048200CE1C03 /* NSData_MBBase64.m */,
				DA628A5E1280048200CE1C03 /* NSString_NSArrayFormat.h */,
				DA628A5F1280048200CE1C03 /* NSString_NSArrayFormat.m */,
				DA628A601280048200CE1C03 /* NSString_SEL.h */,
				DA628A611280048200CE1C03 /* NSString_SEL.m */,
				DA628A621280048200CE1C03 /* StringUtils.h */,
				DA628A631280048200CE1C03 /* StringUtils.m */,
				DA628A641280048200CE1C03 /* UIUtils.h */,
				DA628A651280048200CE1C03 /* UIUtils.m */,
			);
			path = Utility;
			sourceTree = "<group>";
		};
		DA92E408127ADACB004AC5DE /* Classes */ = {
			isa = PBXGroup;
			children = (
			);
			path = Classes;
			sourceTree = "<group>";
		};
		DABF1FF40EB2703B002C32BF /* Support */ = {
			isa = PBXGroup;
			children = (
			);
			name = Support;
			sourceTree = "<group>";
		};
/* End PBXGroup section */

/* Begin PBXHeadersBuildPhase section */
		DA1AC49E108C997600C9AD7B /* Headers */ = {
			isa = PBXHeadersBuildPhase;
			buildActionMask = 2147483647;
			files = (
			);
			runOnlyForDeploymentPostprocessing = 0;
		};
		DA1AC723108C9A4C00C9AD7B /* Headers */ = {
			isa = PBXHeadersBuildPhase;
			buildActionMask = 2147483647;
			files = (
			);
			runOnlyForDeploymentPostprocessing = 0;
		};
/* End PBXHeadersBuildPhase section */

/* Begin PBXNativeTarget section */
		1D6058900D05DD3D006BFB54 /* iLibs - Lhunath Development */ = {
			isa = PBXNativeTarget;
			buildConfigurationList = 1D6058960D05DD3E006BFB54 /* Build configuration list for PBXNativeTarget "iLibs - Lhunath Development" */;
			buildPhases = (
				1D60588D0D05DD3D006BFB54 /* Resources */,
				1D60588E0D05DD3D006BFB54 /* Sources */,
				1D60588F0D05DD3D006BFB54 /* Frameworks */,
			);
			buildRules = (
			);
			dependencies = (
				DA1AC71E108C9A2400C9AD7B /* PBXTargetDependency */,
			);
			name = "iLibs - Lhunath Development";
			productName = iLibs;
			productReference = DA379EBC0F0964BA00541EF4 /* iLibsDev.app */;
			productType = "com.apple.product-type.application";
		};
		DA1AC4A1108C997600C9AD7B /* cocos2d-iphone */ = {
			isa = PBXNativeTarget;
			buildConfigurationList = DA1AC55E108C99A100C9AD7B /* Build configuration list for PBXNativeTarget "cocos2d-iphone" */;
			buildPhases = (
				DA1AC49E108C997600C9AD7B /* Headers */,
				DA1AC49F108C997600C9AD7B /* Sources */,
				DA1AC4A0108C997600C9AD7B /* Frameworks */,
			);
			buildRules = (
			);
			dependencies = (
				DA1AC745108C9A8B00C9AD7B /* PBXTargetDependency */,
			);
			name = "cocos2d-iphone";
			productName = "cocos2d-iphone";
			productReference = DA1AC4A2108C997600C9AD7B /* libcocos2d-iphone.a */;
			productType = "com.apple.product-type.library.static";
		};
		DA1AC726108C9A4C00C9AD7B /* FontLabel */ = {
			isa = PBXNativeTarget;
			buildConfigurationList = DA1AC72C108C9A7800C9AD7B /* Build configuration list for PBXNativeTarget "FontLabel" */;
			buildPhases = (
				DA1AC723108C9A4C00C9AD7B /* Headers */,
				DA1AC724108C9A4C00C9AD7B /* Sources */,
				DA1AC725108C9A4C00C9AD7B /* Frameworks */,
			);
			buildRules = (
			);
			dependencies = (
			);
			name = FontLabel;
			productName = FontLabel;
			productReference = DA1AC727108C9A4C00C9AD7B /* libFontLabel.a */;
			productType = "com.apple.product-type.library.static";
		};
/* End PBXNativeTarget section */

/* Begin PBXProject section */
		29B97313FDCFA39411CA2CEA /* Project object */ = {
			isa = PBXProject;
			attributes = {
				BuildIndependentTargetsInParallel = YES;
			};
			buildConfigurationList = C01FCF4E08A954540054247B /* Build configuration list for PBXProject "iLibs" */;
			compatibilityVersion = "Xcode 3.1";
			developmentRegion = English;
			hasScannedForEncodings = 1;
			knownRegions = (
				English,
				Japanese,
				French,
				German,
				en,
				Chinese,
				Russian,
				Spanish,
			);
			mainGroup = 29B97314FDCFA39411CA2CEA /* CustomTemplate */;
			projectDirPath = "";
			projectRoot = "";
			targets = (
				1D6058900D05DD3D006BFB54 /* iLibs - Lhunath Development */,
				DA1AC4A1108C997600C9AD7B /* cocos2d-iphone */,
				DA1AC726108C9A4C00C9AD7B /* FontLabel */,
			);
		};
/* End PBXProject section */

/* Begin PBXResourcesBuildPhase section */
		1D60588D0D05DD3D006BFB54 /* Resources */ = {
			isa = PBXResourcesBuildPhase;
			buildActionMask = 2147483647;
			files = (
				DA628A7B1280048200CE1C03 /* menu.png in Resources */,
				DA628A7C1280048200CE1C03 /* score.png in Resources */,
				DA628A7D1280048200CE1C03 /* Localizable.strings in Resources */,
				DA628A7E1280048200CE1C03 /* aim.body.0.png in Resources */,
				DA628A7F1280048200CE1C03 /* aim.body.1.png in Resources */,
				DA628A801280048200CE1C03 /* aim.body.10.png in Resources */,
				DA628A811280048200CE1C03 /* aim.body.11.png in Resources */,
				DA628A821280048200CE1C03 /* aim.body.12.png in Resources */,
				DA628A831280048200CE1C03 /* aim.body.13.png in Resources */,
				DA628A841280048200CE1C03 /* aim.body.14.png in Resources */,
				DA628A851280048200CE1C03 /* aim.body.15.png in Resources */,
				DA628A861280048200CE1C03 /* aim.body.2.png in Resources */,
				DA628A871280048200CE1C03 /* aim.body.3.png in Resources */,
				DA628A881280048200CE1C03 /* aim.body.4.png in Resources */,
				DA628A891280048200CE1C03 /* aim.body.5.png in Resources */,
				DA628A8A1280048200CE1C03 /* aim.body.6.png in Resources */,
				DA628A8B1280048200CE1C03 /* aim.body.7.png in Resources */,
				DA628A8C1280048200CE1C03 /* aim.body.8.png in Resources */,
				DA628A8D1280048200CE1C03 /* aim.body.9.png in Resources */,
				DA628A8E1280048200CE1C03 /* aim.head.png in Resources */,
				DA628A8F1280048200CE1C03 /* aim.tail.png in Resources */,
				DA628A901280048200CE1C03 /* bar.png in Resources */,
				DA628A911280048200CE1C03 /* bonk.png in Resources */,
				DA628A921280048200CE1C03 /* fire.png in Resources */,
				DA628A931280048200CE1C03 /* fps_images.png in Resources */,
				DA628A941280048200CE1C03 /* bar.xcf in Resources */,
				DA628A951280048200CE1C03 /* smoke.png in Resources */,
				DA628A961280048200CE1C03 /* snapclick.caf in Resources */,
				DA628A971280048200CE1C03 /* wheel.png in Resources */,
				DA628A981280048200CE1C03 /* ivarToProps in Resources */,
				DA628A991280048200CE1C03 /* propDeallocs in Resources */,
			);
			runOnlyForDeploymentPostprocessing = 0;
		};
/* End PBXResourcesBuildPhase section */

/* Begin PBXSourcesBuildPhase section */
		1D60588E0D05DD3D006BFB54 /* Sources */ = {
			isa = PBXSourcesBuildPhase;
			buildActionMask = 2147483647;
			files = (
				1D60589B0D05DD56006BFB54 /* main.m in Sources */,
				DA628A661280048200CE1C03 /* AbstractAppDelegate.m in Sources */,
				DA628A671280048200CE1C03 /* AbstractCocos2DAppDelegate.m in Sources */,
				DA628A681280048200CE1C03 /* Remove.m in Sources */,
				DA628A691280048200CE1C03 /* ActivitySprite.m in Sources */,
				DA628A6A1280048200CE1C03 /* BarLayer.m in Sources */,
				DA628A6B1280048200CE1C03 /* BarSprite.m in Sources */,
				DA628A6C1280048200CE1C03 /* DebugLayer.m in Sources */,
				DA628A6D1280048200CE1C03 /* FancyLayer.m in Sources */,
				DA628A6E1280048200CE1C03 /* FlickLayer.m in Sources */,
				DA628A6F1280048200CE1C03 /* HUDLayer.m in Sources */,
				DA628A701280048200CE1C03 /* ConfigMenuLayer.m in Sources */,
				DA628A711280048200CE1C03 /* MenuItemSpacer.m in Sources */,
				DA628A721280048200CE1C03 /* MenuItemSymbolic.m in Sources */,
				DA628A731280048200CE1C03 /* MenuItemTitle.m in Sources */,
				DA628A741280048200CE1C03 /* MenuLayer.m in Sources */,
				DA628A751280048200CE1C03 /* ScrollLayer.m in Sources */,
				DA628A761280048200CE1C03 /* ShadeLayer.m in Sources */,
				DA628A771280048200CE1C03 /* Splash.m in Sources */,
				DA628A781280048200CE1C03 /* SwipeLayer.m in Sources */,
				DA628A791280048200CE1C03 /* UILayer.m in Sources */,
				DA628A7A1280048200CE1C03 /* GLUtils.m in Sources */,
				DA628A9A1280048200CE1C03 /* AudioController.m in Sources */,
				DA628A9B1280048200CE1C03 /* Config.m in Sources */,
				DA628A9C1280048200CE1C03 /* CryptUtils.m in Sources */,
				DA628A9D1280048200CE1C03 /* DeviceUtils.m in Sources */,
				DA628A9E1280048200CE1C03 /* Layout.m in Sources */,
				DA628A9F1280048200CE1C03 /* Logger.m in Sources */,
				DA628AA01280048200CE1C03 /* NSData_MBBase64.m in Sources */,
				DA628AA11280048200CE1C03 /* NSString_NSArrayFormat.m in Sources */,
				DA628AA21280048200CE1C03 /* NSString_SEL.m in Sources */,
				DA628AA31280048200CE1C03 /* StringUtils.m in Sources */,
				DA628AA41280048200CE1C03 /* UIUtils.m in Sources */,
			);
			runOnlyForDeploymentPostprocessing = 0;
		};
		DA1AC49F108C997600C9AD7B /* Sources */ = {
			isa = PBXSourcesBuildPhase;
			buildActionMask = 2147483647;
			files = (
			);
			runOnlyForDeploymentPostprocessing = 0;
		};
		DA1AC724108C9A4C00C9AD7B /* Sources */ = {
			isa = PBXSourcesBuildPhase;
			buildActionMask = 2147483647;
			files = (
			);
			runOnlyForDeploymentPostprocessing = 0;
		};
/* End PBXSourcesBuildPhase section */

/* Begin PBXTargetDependency section */
		DA1AC71E108C9A2400C9AD7B /* PBXTargetDependency */ = {
			isa = PBXTargetDependency;
			target = DA1AC4A1108C997600C9AD7B /* cocos2d-iphone */;
			targetProxy = DA1AC71D108C9A2400C9AD7B /* PBXContainerItemProxy */;
		};
		DA1AC745108C9A8B00C9AD7B /* PBXTargetDependency */ = {
			isa = PBXTargetDependency;
			target = DA1AC726108C9A4C00C9AD7B /* FontLabel */;
			targetProxy = DA1AC744108C9A8B00C9AD7B /* PBXContainerItemProxy */;
		};
/* End PBXTargetDependency section */

/* Begin PBXVariantGroup section */
		DA628A1F1280048200CE1C03 /* menu.png */ = {
			isa = PBXVariantGroup;
			children = (
				DA628A201280048200CE1C03 /* Chinese */,
				DA628A251280048200CE1C03 /* English */,
				DA628A271280048200CE1C03 /* French */,
				DA628A291280048200CE1C03 /* German */,
				DA628A2B1280048200CE1C03 /* Japanese */,
				DA628A2D1280048200CE1C03 /* Russian */,
				DA628A2F1280048200CE1C03 /* Spanish */,
			);
			name = menu.png;
			sourceTree = "<group>";
		};
		DA628A211280048200CE1C03 /* score.png */ = {
			isa = PBXVariantGroup;
			children = (
				DA628A221280048200CE1C03 /* Chinese */,
				DA628A261280048200CE1C03 /* English */,
				DA628A281280048200CE1C03 /* French */,
				DA628A2A1280048200CE1C03 /* German */,
				DA628A2C1280048200CE1C03 /* Japanese */,
				DA628A2E1280048200CE1C03 /* Russian */,
				DA628A301280048200CE1C03 /* Spanish */,
			);
			name = score.png;
			sourceTree = "<group>";
		};
		DA628A231280048200CE1C03 /* Localizable.strings */ = {
			isa = PBXVariantGroup;
			children = (
				DA628A241280048200CE1C03 /* English */,
			);
			name = Localizable.strings;
			sourceTree = "<group>";
		};
/* End PBXVariantGroup section */

/* Begin XCBuildConfiguration section */
		1D6058940D05DD3E006BFB54 /* Debug */ = {
			isa = XCBuildConfiguration;
			buildSettings = {
				"CODE_SIGN_IDENTITY[sdk=iphoneos*]" = "iPhone Developer: Maarten Billemont";
				PRODUCT_NAME = iLibsDev;
				"PROVISIONING_PROFILE[sdk=iphoneos*]" = "3F99D2BF-D20F-4363-AB0E-74CE17713124";
			};
			name = Debug;
		};
		1D6058950D05DD3E006BFB54 /* Release */ = {
			isa = XCBuildConfiguration;
			buildSettings = {
				"CODE_SIGN_IDENTITY[sdk=iphoneos*]" = "iPhone Developer: Maarten Billemont";
				PRODUCT_NAME = iLibsDev;
				"PROVISIONING_PROFILE[sdk=iphoneos*]" = "3F99D2BF-D20F-4363-AB0E-74CE17713124";
			};
			name = Release;
		};
		C01FCF4F08A954540054247B /* Debug */ = {
			isa = XCBuildConfiguration;
			buildSettings = {
				ALWAYS_SEARCH_USER_PATHS = NO;
				COPY_PHASE_STRIP = NO;
				DEAD_CODE_STRIPPING = NO;
				GCC_C_LANGUAGE_STANDARD = c99;
				GCC_DEBUGGING_SYMBOLS = full;
				GCC_DYNAMIC_NO_PIC = NO;
				GCC_FAST_MATH = YES;
				GCC_GENERATE_DEBUGGING_SYMBOLS = YES;
				GCC_OPTIMIZATION_LEVEL = 0;
				GCC_PRECOMPILE_PREFIX_HEADER = YES;
				GCC_PREFIX_HEADER = Prefix.pch;
				GCC_STRICT_ALIASING = YES;
				GCC_THUMB_SUPPORT = NO;
				GCC_TREAT_IMPLICIT_FUNCTION_DECLARATIONS_AS_ERRORS = YES;
				GCC_TREAT_WARNINGS_AS_ERRORS = YES;
				GCC_UNROLL_LOOPS = YES;
				GCC_WARN_64_TO_32_BIT_CONVERSION = YES;
				GCC_WARN_ABOUT_DEPRECATED_FUNCTIONS = YES;
				GCC_WARN_ABOUT_INVALID_OFFSETOF_MACRO = YES;
				GCC_WARN_ABOUT_MISSING_NEWLINE = YES;
				GCC_WARN_ABOUT_POINTER_SIGNEDNESS = YES;
				GCC_WARN_ABOUT_RETURN_TYPE = YES;
				GCC_WARN_ALLOW_INCOMPLETE_PROTOCOL = YES;
				GCC_WARN_CHECK_SWITCH_STATEMENTS = YES;
				GCC_WARN_EFFECTIVE_CPLUSPLUS_VIOLATIONS = YES;
				GCC_WARN_HIDDEN_VIRTUAL_FUNCTIONS = YES;
				GCC_WARN_INITIALIZER_NOT_FULLY_BRACKETED = YES;
				GCC_WARN_MISSING_PARENTHESES = YES;
				GCC_WARN_NON_VIRTUAL_DESTRUCTOR = YES;
				GCC_WARN_SIGN_COMPARE = YES;
				GCC_WARN_TYPECHECK_CALLS_TO_PRINTF = YES;
				GCC_WARN_UNKNOWN_PRAGMAS = YES;
				GCC_WARN_UNUSED_LABEL = YES;
				GCC_WARN_UNUSED_VALUE = YES;
				GCC_WARN_UNUSED_VARIABLE = YES;
				INFOPLIST_FILE = Info.plist;
				LINKER_DISPLAYS_MANGLED_NAMES = YES;
				ONLY_ACTIVE_ARCH = YES;
				OTHER_CFLAGS = "-falign-loops=16";
				PREBINDING = NO;
				SDKROOT = iphoneos4.1;
				STRIP_INSTALLED_PRODUCT = NO;
				VERSION_INFO_BUILDER = lhunath;
				WARNING_CFLAGS = "-Wundeclared-selector";
				ZERO_LINK = NO;
			};
			name = Debug;
		};
		C01FCF5008A954540054247B /* Release */ = {
			isa = XCBuildConfiguration;
			buildSettings = {
				ALWAYS_SEARCH_USER_PATHS = NO;
				DEPLOYMENT_POSTPROCESSING = YES;
				GCC_C_LANGUAGE_STANDARD = c99;
				GCC_DYNAMIC_NO_PIC = YES;
				GCC_FAST_MATH = YES;
				GCC_GENERATE_DEBUGGING_SYMBOLS = NO;
				GCC_OPTIMIZATION_LEVEL = 3;
				GCC_PRECOMPILE_PREFIX_HEADER = YES;
				GCC_PREFIX_HEADER = Prefix.pch;
				GCC_STRICT_ALIASING = YES;
				GCC_THUMB_SUPPORT = NO;
				GCC_TREAT_IMPLICIT_FUNCTION_DECLARATIONS_AS_ERRORS = YES;
				GCC_TREAT_WARNINGS_AS_ERRORS = YES;
				GCC_WARN_64_TO_32_BIT_CONVERSION = YES;
				GCC_WARN_ABOUT_DEPRECATED_FUNCTIONS = YES;
				GCC_WARN_ABOUT_INVALID_OFFSETOF_MACRO = YES;
				GCC_WARN_ABOUT_MISSING_NEWLINE = YES;
				GCC_WARN_ABOUT_POINTER_SIGNEDNESS = YES;
				GCC_WARN_ABOUT_RETURN_TYPE = YES;
				GCC_WARN_ALLOW_INCOMPLETE_PROTOCOL = YES;
				GCC_WARN_CHECK_SWITCH_STATEMENTS = YES;
				GCC_WARN_EFFECTIVE_CPLUSPLUS_VIOLATIONS = YES;
				GCC_WARN_HIDDEN_VIRTUAL_FUNCTIONS = YES;
				GCC_WARN_INITIALIZER_NOT_FULLY_BRACKETED = YES;
				GCC_WARN_MISSING_PARENTHESES = YES;
				GCC_WARN_NON_VIRTUAL_DESTRUCTOR = YES;
				GCC_WARN_SIGN_COMPARE = YES;
				GCC_WARN_TYPECHECK_CALLS_TO_PRINTF = YES;
				GCC_WARN_UNKNOWN_PRAGMAS = YES;
				GCC_WARN_UNUSED_LABEL = YES;
				GCC_WARN_UNUSED_VALUE = YES;
				GCC_WARN_UNUSED_VARIABLE = YES;
				INFOPLIST_FILE = Info.plist;
				PREBINDING = NO;
				SDKROOT = iphoneos4.1;
				VERSION_INFO_BUILDER = lhunath;
				WARNING_CFLAGS = "-Wundeclared-selector";
				ZERO_LINK = NO;
			};
			name = Release;
		};
		DA16C3750EEC575C00E46246 /* Distribution */ = {
			isa = XCBuildConfiguration;
			buildSettings = {
				ALWAYS_SEARCH_USER_PATHS = NO;
				CODE_SIGN_ENTITLEMENTS = Entitlements.plist;
				"CODE_SIGN_IDENTITY[sdk=iphoneos*]" = "iPhone Distribution: Maarten Billemont";
				DEPLOYMENT_POSTPROCESSING = YES;
				GCC_C_LANGUAGE_STANDARD = c99;
				GCC_DYNAMIC_NO_PIC = YES;
				GCC_FAST_MATH = YES;
				GCC_GENERATE_DEBUGGING_SYMBOLS = NO;
				GCC_OPTIMIZATION_LEVEL = 3;
				GCC_PRECOMPILE_PREFIX_HEADER = YES;
				GCC_PREFIX_HEADER = Prefix.pch;
				GCC_STRICT_ALIASING = YES;
				GCC_THUMB_SUPPORT = NO;
				GCC_TREAT_IMPLICIT_FUNCTION_DECLARATIONS_AS_ERRORS = YES;
				GCC_TREAT_WARNINGS_AS_ERRORS = YES;
				GCC_WARN_64_TO_32_BIT_CONVERSION = YES;
				GCC_WARN_ABOUT_DEPRECATED_FUNCTIONS = YES;
				GCC_WARN_ABOUT_INVALID_OFFSETOF_MACRO = YES;
				GCC_WARN_ABOUT_MISSING_NEWLINE = YES;
				GCC_WARN_ABOUT_POINTER_SIGNEDNESS = YES;
				GCC_WARN_ABOUT_RETURN_TYPE = YES;
				GCC_WARN_ALLOW_INCOMPLETE_PROTOCOL = YES;
				GCC_WARN_CHECK_SWITCH_STATEMENTS = YES;
				GCC_WARN_EFFECTIVE_CPLUSPLUS_VIOLATIONS = YES;
				GCC_WARN_HIDDEN_VIRTUAL_FUNCTIONS = YES;
				GCC_WARN_INITIALIZER_NOT_FULLY_BRACKETED = YES;
				GCC_WARN_MISSING_PARENTHESES = YES;
				GCC_WARN_NON_VIRTUAL_DESTRUCTOR = YES;
				GCC_WARN_SIGN_COMPARE = YES;
				GCC_WARN_TYPECHECK_CALLS_TO_PRINTF = YES;
				GCC_WARN_UNKNOWN_PRAGMAS = YES;
				GCC_WARN_UNUSED_LABEL = YES;
				GCC_WARN_UNUSED_VALUE = YES;
				GCC_WARN_UNUSED_VARIABLE = YES;
				INFOPLIST_FILE = Info.plist;
				PREBINDING = NO;
				"PROVISIONING_PROFILE[sdk=iphoneos*]" = "6B238D14-146F-435A-970D-1FAEDF00DCC2";
				SDKROOT = iphoneos4.1;
				VERSION_INFO_BUILDER = lhunath;
				WARNING_CFLAGS = "-Wundeclared-selector";
				ZERO_LINK = NO;
			};
			name = Distribution;
		};
		DA16C3760EEC575C00E46246 /* Distribution */ = {
			isa = XCBuildConfiguration;
			buildSettings = {
				PRODUCT_NAME = iLibsDev;
			};
			name = Distribution;
		};
		DA1AC4A3108C997700C9AD7B /* Debug */ = {
			isa = XCBuildConfiguration;
			buildSettings = {
				PRODUCT_NAME = "cocos2d-iphone";
			};
			name = Debug;
		};
		DA1AC4A4108C997700C9AD7B /* Release */ = {
			isa = XCBuildConfiguration;
			buildSettings = {
				PRODUCT_NAME = "cocos2d-iphone";
			};
			name = Release;
		};
		DA1AC4A5108C997700C9AD7B /* Release Debugging */ = {
			isa = XCBuildConfiguration;
			buildSettings = {
				PRODUCT_NAME = "cocos2d-iphone";
			};
			name = "Release Debugging";
		};
		DA1AC4A6108C997700C9AD7B /* Distribution */ = {
			isa = XCBuildConfiguration;
			buildSettings = {
				PRODUCT_NAME = "cocos2d-iphone";
			};
			name = Distribution;
		};
		DA1AC728108C9A4D00C9AD7B /* Debug */ = {
			isa = XCBuildConfiguration;
			buildSettings = {
				PRODUCT_NAME = FontLabel;
			};
			name = Debug;
		};
		DA1AC729108C9A4D00C9AD7B /* Release */ = {
			isa = XCBuildConfiguration;
			buildSettings = {
				PRODUCT_NAME = FontLabel;
			};
			name = Release;
		};
		DA1AC72A108C9A4D00C9AD7B /* Release Debugging */ = {
			isa = XCBuildConfiguration;
			buildSettings = {
				PRODUCT_NAME = FontLabel;
			};
			name = "Release Debugging";
		};
		DA1AC72B108C9A4D00C9AD7B /* Distribution */ = {
			isa = XCBuildConfiguration;
			buildSettings = {
				PRODUCT_NAME = FontLabel;
			};
			name = Distribution;
		};
		DA312A3F0F12B91A00F1032D /* Release Debugging */ = {
			isa = XCBuildConfiguration;
			buildSettings = {
				ALWAYS_SEARCH_USER_PATHS = NO;
				COPY_PHASE_STRIP = NO;
				DEAD_CODE_STRIPPING = NO;
				DEPLOYMENT_POSTPROCESSING = NO;
				GCC_C_LANGUAGE_STANDARD = c99;
				GCC_DYNAMIC_NO_PIC = YES;
				GCC_FAST_MATH = YES;
				GCC_GENERATE_DEBUGGING_SYMBOLS = YES;
				GCC_OPTIMIZATION_LEVEL = 3;
				GCC_PRECOMPILE_PREFIX_HEADER = YES;
				GCC_PREFIX_HEADER = Prefix.pch;
				GCC_STRICT_ALIASING = YES;
				GCC_THUMB_SUPPORT = NO;
				GCC_TREAT_IMPLICIT_FUNCTION_DECLARATIONS_AS_ERRORS = YES;
				GCC_TREAT_WARNINGS_AS_ERRORS = YES;
				GCC_UNROLL_LOOPS = YES;
				GCC_WARN_64_TO_32_BIT_CONVERSION = YES;
				GCC_WARN_ABOUT_DEPRECATED_FUNCTIONS = YES;
				GCC_WARN_ABOUT_INVALID_OFFSETOF_MACRO = YES;
				GCC_WARN_ABOUT_MISSING_NEWLINE = YES;
				GCC_WARN_ABOUT_POINTER_SIGNEDNESS = YES;
				GCC_WARN_ABOUT_RETURN_TYPE = YES;
				GCC_WARN_ALLOW_INCOMPLETE_PROTOCOL = YES;
				GCC_WARN_CHECK_SWITCH_STATEMENTS = YES;
				GCC_WARN_EFFECTIVE_CPLUSPLUS_VIOLATIONS = YES;
				GCC_WARN_HIDDEN_VIRTUAL_FUNCTIONS = YES;
				GCC_WARN_INITIALIZER_NOT_FULLY_BRACKETED = YES;
				GCC_WARN_MISSING_PARENTHESES = YES;
				GCC_WARN_NON_VIRTUAL_DESTRUCTOR = YES;
				GCC_WARN_SIGN_COMPARE = YES;
				GCC_WARN_TYPECHECK_CALLS_TO_PRINTF = YES;
				GCC_WARN_UNKNOWN_PRAGMAS = YES;
				GCC_WARN_UNUSED_LABEL = YES;
				GCC_WARN_UNUSED_VALUE = YES;
				GCC_WARN_UNUSED_VARIABLE = YES;
				INFOPLIST_FILE = Info.plist;
				OTHER_CFLAGS = "-falign-loops=16";
				PREBINDING = NO;
				SDKROOT = iphoneos4.1;
				STRIP_INSTALLED_PRODUCT = NO;
				VERSION_INFO_BUILDER = lhunath;
				WARNING_CFLAGS = "-Wundeclared-selector";
				ZERO_LINK = NO;
			};
			name = "Release Debugging";
		};
		DA312A400F12B91A00F1032D /* Release Debugging */ = {
			isa = XCBuildConfiguration;
			buildSettings = {
				"CODE_SIGN_IDENTITY[sdk=iphoneos*]" = "iPhone Developer: Maarten Billemont";
				PRODUCT_NAME = iLibsDev;
				"PROVISIONING_PROFILE[sdk=iphoneos*]" = "3F99D2BF-D20F-4363-AB0E-74CE17713124";
			};
			name = "Release Debugging";
		};
/* End XCBuildConfiguration section */

/* Begin XCConfigurationList section */
		1D6058960D05DD3E006BFB54 /* Build configuration list for PBXNativeTarget "iLibs - Lhunath Development" */ = {
			isa = XCConfigurationList;
			buildConfigurations = (
				1D6058940D05DD3E006BFB54 /* Debug */,
				1D6058950D05DD3E006BFB54 /* Release */,
				DA312A400F12B91A00F1032D /* Release Debugging */,
				DA16C3760EEC575C00E46246 /* Distribution */,
			);
			defaultConfigurationIsVisible = 0;
			defaultConfigurationName = Release;
		};
		C01FCF4E08A954540054247B /* Build configuration list for PBXProject "iLibs" */ = {
			isa = XCConfigurationList;
			buildConfigurations = (
				C01FCF4F08A954540054247B /* Debug */,
				C01FCF5008A954540054247B /* Release */,
				DA312A3F0F12B91A00F1032D /* Release Debugging */,
				DA16C3750EEC575C00E46246 /* Distribution */,
			);
			defaultConfigurationIsVisible = 0;
			defaultConfigurationName = Release;
		};
		DA1AC55E108C99A100C9AD7B /* Build configuration list for PBXNativeTarget "cocos2d-iphone" */ = {
			isa = XCConfigurationList;
			buildConfigurations = (
				DA1AC4A3108C997700C9AD7B /* Debug */,
				DA1AC4A4108C997700C9AD7B /* Release */,
				DA1AC4A5108C997700C9AD7B /* Release Debugging */,
				DA1AC4A6108C997700C9AD7B /* Distribution */,
			);
			defaultConfigurationIsVisible = 0;
			defaultConfigurationName = Release;
		};
		DA1AC72C108C9A7800C9AD7B /* Build configuration list for PBXNativeTarget "FontLabel" */ = {
			isa = XCConfigurationList;
			buildConfigurations = (
				DA1AC728108C9A4D00C9AD7B /* Debug */,
				DA1AC729108C9A4D00C9AD7B /* Release */,
				DA1AC72A108C9A4D00C9AD7B /* Release Debugging */,
				DA1AC72B108C9A4D00C9AD7B /* Distribution */,
			);
			defaultConfigurationIsVisible = 0;
			defaultConfigurationName = Release;
		};
/* End XCConfigurationList section */
	};
	rootObject = 29B97313FDCFA39411CA2CEA /* Project object */;
}
