// !$*UTF8*$!
{
	archiveVersion = 1;
	classes = {
	};
	objectVersion = 45;
	objects = {

/* Begin PBXBuildFile section */
		1D60589B0D05DD56006BFB54 /* main.m in Sources */ = {isa = PBXBuildFile; fileRef = 29B97316FDCFA39411CA2CEA /* main.m */; };
		DA4E5CD00F7FE1D6007BE3B9 /* AudioToolbox.framework in Frameworks */ = {isa = PBXBuildFile; fileRef = DA4E5CBB0F7FE1D6007BE3B9 /* AudioToolbox.framework */; };
		DA4E5CD10F7FE1D6007BE3B9 /* AVFoundation.framework in Frameworks */ = {isa = PBXBuildFile; fileRef = DA4E5CBC0F7FE1D6007BE3B9 /* AVFoundation.framework */; };
		DA4E5CD20F7FE1D6007BE3B9 /* CoreGraphics.framework in Frameworks */ = {isa = PBXBuildFile; fileRef = DA4E5CBD0F7FE1D6007BE3B9 /* CoreGraphics.framework */; };
		DA4E5CD30F7FE1D6007BE3B9 /* Foundation.framework in Frameworks */ = {isa = PBXBuildFile; fileRef = DA4E5CBE0F7FE1D6007BE3B9 /* Foundation.framework */; };
		DA4E5CD40F7FE1D6007BE3B9 /* OpenGLES.framework in Frameworks */ = {isa = PBXBuildFile; fileRef = DA4E5CBF0F7FE1D6007BE3B9 /* OpenGLES.framework */; };
		DA4E5CD50F7FE1D6007BE3B9 /* QuartzCore.framework in Frameworks */ = {isa = PBXBuildFile; fileRef = DA4E5CC00F7FE1D6007BE3B9 /* QuartzCore.framework */; };
		DA4E5CD60F7FE1D6007BE3B9 /* UIKit.framework in Frameworks */ = {isa = PBXBuildFile; fileRef = DA4E5CC10F7FE1D6007BE3B9 /* UIKit.framework */; };
		DA53004B100FB318000D32DF /* AudioController.m in Sources */ = {isa = PBXBuildFile; fileRef = DA530044100FB318000D32DF /* AudioController.m */; };
		DA530052100FB5CD000D32DF /* Config.m in Sources */ = {isa = PBXBuildFile; fileRef = DA53004F100FB5CD000D32DF /* Config.m */; };
		DA530072100FB67F000D32DF /* Utility.m in Sources */ = {isa = PBXBuildFile; fileRef = DA53005E100FB67F000D32DF /* Utility.m */; };
		DA530073100FB67F000D32DF /* BarLayer.m in Sources */ = {isa = PBXBuildFile; fileRef = DA530060100FB67F000D32DF /* BarLayer.m */; };
		DA530074100FB67F000D32DF /* FancyLayer.m in Sources */ = {isa = PBXBuildFile; fileRef = DA530063100FB67F000D32DF /* FancyLayer.m */; };
		DA530075100FB67F000D32DF /* ShadeLayer.m in Sources */ = {isa = PBXBuildFile; fileRef = DA530065100FB67F000D32DF /* ShadeLayer.m */; };
		DA530076100FB67F000D32DF /* SwipeLayer.m in Sources */ = {isa = PBXBuildFile; fileRef = DA530067100FB67F000D32DF /* SwipeLayer.m */; };
		DA53007C100FB726000D32DF /* UILayer.m in Sources */ = {isa = PBXBuildFile; fileRef = DA530079100FB726000D32DF /* UILayer.m */; };
		DA530086100FB770000D32DF /* Remove.m in Sources */ = {isa = PBXBuildFile; fileRef = DA53007F100FB770000D32DF /* Remove.m */; };
		DA530087100FB770000D32DF /* ShadeTo.m in Sources */ = {isa = PBXBuildFile; fileRef = DA530081100FB770000D32DF /* ShadeTo.m */; };
		DA5301B2100FB81F000D32DF /* DebugLayer.m in Sources */ = {isa = PBXBuildFile; fileRef = DA5301AF100FB81F000D32DF /* DebugLayer.m */; };
		DA5301C6100FB9B3000D32DF /* AbstractAppDelegate.m in Sources */ = {isa = PBXBuildFile; fileRef = DA5301C3100FB9B3000D32DF /* AbstractAppDelegate.m */; };
		DA5301D1100FBADB000D32DF /* Splash.m in Sources */ = {isa = PBXBuildFile; fileRef = DA5301CE100FBADB000D32DF /* Splash.m */; };
		DA5301DA100FBB3A000D32DF /* HUDLayer.m in Sources */ = {isa = PBXBuildFile; fileRef = DA5301D7100FBB3A000D32DF /* HUDLayer.m */; };
		DA530274100FBF46000D32DF /* BarSprite.m in Sources */ = {isa = PBXBuildFile; fileRef = DA530271100FBF46000D32DF /* BarSprite.m */; };
		DA530411100FC6BB000D32DF /* aim.body.0.png in Resources */ = {isa = PBXBuildFile; fileRef = DA5303FF100FC6BB000D32DF /* aim.body.0.png */; };
		DA530412100FC6BB000D32DF /* aim.body.1.png in Resources */ = {isa = PBXBuildFile; fileRef = DA530400100FC6BB000D32DF /* aim.body.1.png */; };
		DA530413100FC6BB000D32DF /* aim.body.10.png in Resources */ = {isa = PBXBuildFile; fileRef = DA530401100FC6BB000D32DF /* aim.body.10.png */; };
		DA530414100FC6BB000D32DF /* aim.body.11.png in Resources */ = {isa = PBXBuildFile; fileRef = DA530402100FC6BB000D32DF /* aim.body.11.png */; };
		DA530415100FC6BB000D32DF /* aim.body.12.png in Resources */ = {isa = PBXBuildFile; fileRef = DA530403100FC6BB000D32DF /* aim.body.12.png */; };
		DA530416100FC6BB000D32DF /* aim.body.13.png in Resources */ = {isa = PBXBuildFile; fileRef = DA530404100FC6BB000D32DF /* aim.body.13.png */; };
		DA530417100FC6BB000D32DF /* aim.body.14.png in Resources */ = {isa = PBXBuildFile; fileRef = DA530405100FC6BB000D32DF /* aim.body.14.png */; };
		DA530418100FC6BB000D32DF /* aim.body.15.png in Resources */ = {isa = PBXBuildFile; fileRef = DA530406100FC6BB000D32DF /* aim.body.15.png */; };
		DA530419100FC6BB000D32DF /* aim.body.2.png in Resources */ = {isa = PBXBuildFile; fileRef = DA530407100FC6BB000D32DF /* aim.body.2.png */; };
		DA53041A100FC6BB000D32DF /* aim.body.3.png in Resources */ = {isa = PBXBuildFile; fileRef = DA530408100FC6BB000D32DF /* aim.body.3.png */; };
		DA53041B100FC6BB000D32DF /* aim.body.4.png in Resources */ = {isa = PBXBuildFile; fileRef = DA530409100FC6BB000D32DF /* aim.body.4.png */; };
		DA53041C100FC6BB000D32DF /* aim.body.5.png in Resources */ = {isa = PBXBuildFile; fileRef = DA53040A100FC6BB000D32DF /* aim.body.5.png */; };
		DA53041D100FC6BB000D32DF /* aim.body.6.png in Resources */ = {isa = PBXBuildFile; fileRef = DA53040B100FC6BB000D32DF /* aim.body.6.png */; };
		DA53041E100FC6BB000D32DF /* aim.body.7.png in Resources */ = {isa = PBXBuildFile; fileRef = DA53040C100FC6BB000D32DF /* aim.body.7.png */; };
		DA53041F100FC6BB000D32DF /* aim.body.8.png in Resources */ = {isa = PBXBuildFile; fileRef = DA53040D100FC6BB000D32DF /* aim.body.8.png */; };
		DA530420100FC6BB000D32DF /* aim.body.9.png in Resources */ = {isa = PBXBuildFile; fileRef = DA53040E100FC6BB000D32DF /* aim.body.9.png */; };
		DA530421100FC6BB000D32DF /* aim.head.png in Resources */ = {isa = PBXBuildFile; fileRef = DA53040F100FC6BB000D32DF /* aim.head.png */; };
		DA530422100FC6BB000D32DF /* aim.tail.png in Resources */ = {isa = PBXBuildFile; fileRef = DA530410100FC6BB000D32DF /* aim.tail.png */; };
		DA5304CE100FCCF6000D32DF /* bar.png in Resources */ = {isa = PBXBuildFile; fileRef = DA5304C9100FCCF6000D32DF /* bar.png */; };
		DA5304CF100FCCF6000D32DF /* bonk.png in Resources */ = {isa = PBXBuildFile; fileRef = DA5304CA100FCCF6000D32DF /* bonk.png */; };
		DA5304D0100FCCF6000D32DF /* fire.png in Resources */ = {isa = PBXBuildFile; fileRef = DA5304CB100FCCF6000D32DF /* fire.png */; };
		DA5304D1100FCCF6000D32DF /* fps_images.png in Resources */ = {isa = PBXBuildFile; fileRef = DA5304CC100FCCF6000D32DF /* fps_images.png */; };
		DA5304D2100FCCF6000D32DF /* smoke.png in Resources */ = {isa = PBXBuildFile; fileRef = DA5304CD100FCCF6000D32DF /* smoke.png */; };
		DA5A78EE104296E300BB27DB /* Logger.m in Sources */ = {isa = PBXBuildFile; fileRef = DA5A78ED104296E300BB27DB /* Logger.m */; };
		DA5A797610429B8300BB27DB /* PropertyAction.m in Sources */ = {isa = PBXBuildFile; fileRef = DA5A797510429B8300BB27DB /* PropertyAction.m */; };
		DA6A1F471017B3D200B55AF8 /* Localizable.strings in Resources */ = {isa = PBXBuildFile; fileRef = DA6A1F411017B3D200B55AF8 /* Localizable.strings */; };
		DA6A1F481017B3D200B55AF8 /* menu.png in Resources */ = {isa = PBXBuildFile; fileRef = DA6A1F431017B3D200B55AF8 /* menu.png */; };
		DA6A1F491017B3D200B55AF8 /* score.png in Resources */ = {isa = PBXBuildFile; fileRef = DA6A1F451017B3D200B55AF8 /* score.png */; };
		DA9479FB1056518700F36BFC /* Action.m in Sources */ = {isa = PBXBuildFile; fileRef = DA9479851056518700F36BFC /* Action.m */; };
		DA9479FC1056518700F36BFC /* ActionManager.m in Sources */ = {isa = PBXBuildFile; fileRef = DA9479871056518700F36BFC /* ActionManager.m */; };
		DA9479FD1056518700F36BFC /* AtlasNode.m in Sources */ = {isa = PBXBuildFile; fileRef = DA9479891056518700F36BFC /* AtlasNode.m */; };
		DA9479FE1056518700F36BFC /* AtlasSprite.m in Sources */ = {isa = PBXBuildFile; fileRef = DA94798B1056518700F36BFC /* AtlasSprite.m */; };
		DA9479FF1056518700F36BFC /* AtlasSpriteManager.m in Sources */ = {isa = PBXBuildFile; fileRef = DA94798D1056518700F36BFC /* AtlasSpriteManager.m */; };
		DA947A001056518700F36BFC /* BitmapFontAtlas.m in Sources */ = {isa = PBXBuildFile; fileRef = DA94798F1056518700F36BFC /* BitmapFontAtlas.m */; };
		DA947A011056518700F36BFC /* Camera.m in Sources */ = {isa = PBXBuildFile; fileRef = DA9479911056518700F36BFC /* Camera.m */; };
		DA947A021056518700F36BFC /* CameraAction.m in Sources */ = {isa = PBXBuildFile; fileRef = DA9479931056518700F36BFC /* CameraAction.m */; };
		DA947A031056518700F36BFC /* cocos2d.m in Sources */ = {isa = PBXBuildFile; fileRef = DA9479981056518700F36BFC /* cocos2d.m */; };
		DA947A041056518700F36BFC /* CocosNode.m in Sources */ = {isa = PBXBuildFile; fileRef = DA94799A1056518700F36BFC /* CocosNode.m */; };
		DA947A051056518700F36BFC /* Director.m in Sources */ = {isa = PBXBuildFile; fileRef = DA94799C1056518700F36BFC /* Director.m */; };
		DA947A061056518700F36BFC /* DrawingPrimitives.m in Sources */ = {isa = PBXBuildFile; fileRef = DA94799E1056518700F36BFC /* DrawingPrimitives.m */; };
		DA947A071056518700F36BFC /* EaseAction.m in Sources */ = {isa = PBXBuildFile; fileRef = DA9479A01056518700F36BFC /* EaseAction.m */; };
		DA947A081056518700F36BFC /* Grabber.m in Sources */ = {isa = PBXBuildFile; fileRef = DA9479A21056518700F36BFC /* Grabber.m */; };
		DA947A091056518700F36BFC /* Grid.m in Sources */ = {isa = PBXBuildFile; fileRef = DA9479A41056518700F36BFC /* Grid.m */; };
		DA947A0A1056518700F36BFC /* Grid3DAction.m in Sources */ = {isa = PBXBuildFile; fileRef = DA9479A61056518700F36BFC /* Grid3DAction.m */; };
		DA947A0B1056518700F36BFC /* GridAction.m in Sources */ = {isa = PBXBuildFile; fileRef = DA9479A81056518700F36BFC /* GridAction.m */; };
		DA947A0C1056518700F36BFC /* InstantAction.m in Sources */ = {isa = PBXBuildFile; fileRef = DA9479AA1056518700F36BFC /* InstantAction.m */; };
		DA947A0D1056518700F36BFC /* IntervalAction.m in Sources */ = {isa = PBXBuildFile; fileRef = DA9479AC1056518700F36BFC /* IntervalAction.m */; };
		DA947A0E1056518700F36BFC /* Label.m in Sources */ = {isa = PBXBuildFile; fileRef = DA9479AE1056518700F36BFC /* Label.m */; };
		DA947A0F1056518700F36BFC /* LabelAtlas.m in Sources */ = {isa = PBXBuildFile; fileRef = DA9479B01056518700F36BFC /* LabelAtlas.m */; };
		DA947A101056518700F36BFC /* Layer.m in Sources */ = {isa = PBXBuildFile; fileRef = DA9479B21056518700F36BFC /* Layer.m */; };
		DA947A111056518700F36BFC /* Menu.m in Sources */ = {isa = PBXBuildFile; fileRef = DA9479B41056518700F36BFC /* Menu.m */; };
		DA947A121056518700F36BFC /* MenuItem.m in Sources */ = {isa = PBXBuildFile; fileRef = DA9479B61056518700F36BFC /* MenuItem.m */; };
		DA947A131056518700F36BFC /* MotionStreak.m in Sources */ = {isa = PBXBuildFile; fileRef = DA9479B81056518700F36BFC /* MotionStreak.m */; };
		DA947A141056518700F36BFC /* ParallaxNode.m in Sources */ = {isa = PBXBuildFile; fileRef = DA9479BA1056518700F36BFC /* ParallaxNode.m */; };
		DA947A151056518700F36BFC /* ParticleExamples.m in Sources */ = {isa = PBXBuildFile; fileRef = DA9479BC1056518700F36BFC /* ParticleExamples.m */; };
		DA947A161056518700F36BFC /* ParticleSystem.m in Sources */ = {isa = PBXBuildFile; fileRef = DA9479BE1056518700F36BFC /* ParticleSystem.m */; };
		DA947A171056518700F36BFC /* PointParticleSystem.m in Sources */ = {isa = PBXBuildFile; fileRef = DA9479C01056518700F36BFC /* PointParticleSystem.m */; };
		DA947A181056518700F36BFC /* QuadParticleSystem.m in Sources */ = {isa = PBXBuildFile; fileRef = DA9479C21056518700F36BFC /* QuadParticleSystem.m */; };
		DA947A191056518700F36BFC /* RenderTexture.m in Sources */ = {isa = PBXBuildFile; fileRef = DA9479C41056518700F36BFC /* RenderTexture.m */; };
		DA947A1A1056518700F36BFC /* Ribbon.m in Sources */ = {isa = PBXBuildFile; fileRef = DA9479C61056518700F36BFC /* Ribbon.m */; };
		DA947A1B1056518700F36BFC /* Scene.m in Sources */ = {isa = PBXBuildFile; fileRef = DA9479C81056518700F36BFC /* Scene.m */; };
		DA947A1C1056518700F36BFC /* Scheduler.m in Sources */ = {isa = PBXBuildFile; fileRef = DA9479CA1056518700F36BFC /* Scheduler.m */; };
		DA947A1D1056518700F36BFC /* Sprite.m in Sources */ = {isa = PBXBuildFile; fileRef = DA9479CC1056518700F36BFC /* Sprite.m */; };
		DA947A1E1056518700F36BFC /* base64.c in Sources */ = {isa = PBXBuildFile; fileRef = DA9479CE1056518700F36BFC /* base64.c */; };
		DA947A1F1056518700F36BFC /* ccHashSet.m in Sources */ = {isa = PBXBuildFile; fileRef = DA9479D21056518700F36BFC /* ccHashSet.m */; };
		DA947A201056518700F36BFC /* CGPointExtension.m in Sources */ = {isa = PBXBuildFile; fileRef = DA9479D41056518700F36BFC /* CGPointExtension.m */; };
		DA947A211056518700F36BFC /* EAGLView.m in Sources */ = {isa = PBXBuildFile; fileRef = DA9479D61056518700F36BFC /* EAGLView.m */; };
		DA947A221056518700F36BFC /* FileUtils.m in Sources */ = {isa = PBXBuildFile; fileRef = DA9479D81056518700F36BFC /* FileUtils.m */; };
		DA947A231056518700F36BFC /* glu.c in Sources */ = {isa = PBXBuildFile; fileRef = DA9479D91056518700F36BFC /* glu.c */; };
		DA947A241056518700F36BFC /* PVRTexture.m in Sources */ = {isa = PBXBuildFile; fileRef = DA9479DD1056518700F36BFC /* PVRTexture.m */; };
		DA947A251056518700F36BFC /* Texture2D.m in Sources */ = {isa = PBXBuildFile; fileRef = DA9479DF1056518700F36BFC /* Texture2D.m */; };
		DA947A261056518700F36BFC /* TGAlib.m in Sources */ = {isa = PBXBuildFile; fileRef = DA9479E11056518700F36BFC /* TGAlib.m */; };
		DA947A271056518700F36BFC /* TransformUtils.m in Sources */ = {isa = PBXBuildFile; fileRef = DA9479E31056518700F36BFC /* TransformUtils.m */; };
		DA947A281056518700F36BFC /* ZipUtils.m in Sources */ = {isa = PBXBuildFile; fileRef = DA9479E51056518700F36BFC /* ZipUtils.m */; };
		DA947A291056518700F36BFC /* TextureAtlas.m in Sources */ = {isa = PBXBuildFile; fileRef = DA9479E71056518700F36BFC /* TextureAtlas.m */; };
		DA947A2A1056518700F36BFC /* TextureMgr.m in Sources */ = {isa = PBXBuildFile; fileRef = DA9479E91056518700F36BFC /* TextureMgr.m */; };
		DA947A2B1056518700F36BFC /* TextureNode.m in Sources */ = {isa = PBXBuildFile; fileRef = DA9479EB1056518700F36BFC /* TextureNode.m */; };
		DA947A2C1056518700F36BFC /* TiledGridAction.m in Sources */ = {isa = PBXBuildFile; fileRef = DA9479ED1056518700F36BFC /* TiledGridAction.m */; };
		DA947A2D1056518700F36BFC /* TileMapAtlas.m in Sources */ = {isa = PBXBuildFile; fileRef = DA9479EF1056518700F36BFC /* TileMapAtlas.m */; };
		DA947A2E1056518700F36BFC /* TMXTiledMap.m in Sources */ = {isa = PBXBuildFile; fileRef = DA9479F11056518700F36BFC /* TMXTiledMap.m */; };
		DA947A2F1056518700F36BFC /* TMXXMLParser.m in Sources */ = {isa = PBXBuildFile; fileRef = DA9479F31056518700F36BFC /* TMXXMLParser.m */; };
		DA947A301056518700F36BFC /* TouchDispatcher.m in Sources */ = {isa = PBXBuildFile; fileRef = DA9479F61056518700F36BFC /* TouchDispatcher.m */; };
		DA947A311056518700F36BFC /* TouchHandler.m in Sources */ = {isa = PBXBuildFile; fileRef = DA9479F81056518700F36BFC /* TouchHandler.m */; };
		DA947A321056518700F36BFC /* Transition.m in Sources */ = {isa = PBXBuildFile; fileRef = DA9479FA1056518700F36BFC /* Transition.m */; };
		DA947A351056519700F36BFC /* MenuItemTitle.m in Sources */ = {isa = PBXBuildFile; fileRef = DA947A341056519700F36BFC /* MenuItemTitle.m */; };
		DA9EE0911029615500528A29 /* MenuItemSpacer.m in Sources */ = {isa = PBXBuildFile; fileRef = DA9EE0901029615500528A29 /* MenuItemSpacer.m */; };
		DAF609C41020961F00F53A37 /* MenuLayer.m in Sources */ = {isa = PBXBuildFile; fileRef = DAF609C31020961F00F53A37 /* MenuLayer.m */; };
		DAF60A901020C60F00F53A37 /* snapclick.caf in Resources */ = {isa = PBXBuildFile; fileRef = DAF60A8F1020C60F00F53A37 /* snapclick.caf */; };
/* End PBXBuildFile section */

/* Begin PBXFileReference section */
		29B97316FDCFA39411CA2CEA /* main.m */ = {isa = PBXFileReference; fileEncoding = 4; lastKnownFileType = sourcecode.c.objc; path = main.m; sourceTree = "<group>"; };
		32CA4F630368D1EE00C91783 /* Prefix.pch */ = {isa = PBXFileReference; fileEncoding = 4; lastKnownFileType = sourcecode.c.h; path = Prefix.pch; sourceTree = "<group>"; };
		8D1107310486CEB800E47090 /* Info.plist */ = {isa = PBXFileReference; fileEncoding = 4; lastKnownFileType = text.plist.xml; path = Info.plist; sourceTree = "<group>"; };
		DA379EBC0F0964BA00541EF4 /* iLibsDev.app */ = {isa = PBXFileReference; explicitFileType = wrapper.application; includeInIndex = 0; path = iLibsDev.app; sourceTree = BUILT_PRODUCTS_DIR; };
		DA4E5CBB0F7FE1D6007BE3B9 /* AudioToolbox.framework */ = {isa = PBXFileReference; lastKnownFileType = wrapper.framework; name = AudioToolbox.framework; path = System/Library/Frameworks/AudioToolbox.framework; sourceTree = SDKROOT; };
		DA4E5CBC0F7FE1D6007BE3B9 /* AVFoundation.framework */ = {isa = PBXFileReference; lastKnownFileType = wrapper.framework; name = AVFoundation.framework; path = System/Library/Frameworks/AVFoundation.framework; sourceTree = SDKROOT; };
		DA4E5CBD0F7FE1D6007BE3B9 /* CoreGraphics.framework */ = {isa = PBXFileReference; lastKnownFileType = wrapper.framework; name = CoreGraphics.framework; path = System/Library/Frameworks/CoreGraphics.framework; sourceTree = SDKROOT; };
		DA4E5CBE0F7FE1D6007BE3B9 /* Foundation.framework */ = {isa = PBXFileReference; lastKnownFileType = wrapper.framework; name = Foundation.framework; path = System/Library/Frameworks/Foundation.framework; sourceTree = SDKROOT; };
		DA4E5CBF0F7FE1D6007BE3B9 /* OpenGLES.framework */ = {isa = PBXFileReference; lastKnownFileType = wrapper.framework; name = OpenGLES.framework; path = System/Library/Frameworks/OpenGLES.framework; sourceTree = SDKROOT; };
		DA4E5CC00F7FE1D6007BE3B9 /* QuartzCore.framework */ = {isa = PBXFileReference; lastKnownFileType = wrapper.framework; name = QuartzCore.framework; path = System/Library/Frameworks/QuartzCore.framework; sourceTree = SDKROOT; };
		DA4E5CC10F7FE1D6007BE3B9 /* UIKit.framework */ = {isa = PBXFileReference; lastKnownFileType = wrapper.framework; name = UIKit.framework; path = System/Library/Frameworks/UIKit.framework; sourceTree = SDKROOT; };
		DA530043100FB318000D32DF /* AudioController.h */ = {isa = PBXFileReference; fileEncoding = 4; lastKnownFileType = sourcecode.c.h; path = AudioController.h; sourceTree = "<group>"; };
		DA530044100FB318000D32DF /* AudioController.m */ = {isa = PBXFileReference; fileEncoding = 4; lastKnownFileType = sourcecode.c.objc; path = AudioController.m; sourceTree = "<group>"; };
		DA53004E100FB5CD000D32DF /* Config.h */ = {isa = PBXFileReference; fileEncoding = 4; lastKnownFileType = sourcecode.c.h; path = Config.h; sourceTree = "<group>"; };
		DA53004F100FB5CD000D32DF /* Config.m */ = {isa = PBXFileReference; fileEncoding = 4; lastKnownFileType = sourcecode.c.objc; path = Config.m; sourceTree = "<group>"; };
		DA53005D100FB67F000D32DF /* Utility.h */ = {isa = PBXFileReference; fileEncoding = 4; lastKnownFileType = sourcecode.c.h; path = Utility.h; sourceTree = "<group>"; };
		DA53005E100FB67F000D32DF /* Utility.m */ = {isa = PBXFileReference; fileEncoding = 4; lastKnownFileType = sourcecode.c.objc; path = Utility.m; sourceTree = "<group>"; };
		DA53005F100FB67F000D32DF /* BarLayer.h */ = {isa = PBXFileReference; fileEncoding = 4; lastKnownFileType = sourcecode.c.h; path = BarLayer.h; sourceTree = "<group>"; };
		DA530060100FB67F000D32DF /* BarLayer.m */ = {isa = PBXFileReference; fileEncoding = 4; lastKnownFileType = sourcecode.c.objc; path = BarLayer.m; sourceTree = "<group>"; };
		DA530061100FB67F000D32DF /* Resettable.h */ = {isa = PBXFileReference; fileEncoding = 4; lastKnownFileType = sourcecode.c.h; path = Resettable.h; sourceTree = "<group>"; };
		DA530062100FB67F000D32DF /* FancyLayer.h */ = {isa = PBXFileReference; fileEncoding = 4; lastKnownFileType = sourcecode.c.h; path = FancyLayer.h; sourceTree = "<group>"; };
		DA530063100FB67F000D32DF /* FancyLayer.m */ = {isa = PBXFileReference; fileEncoding = 4; lastKnownFileType = sourcecode.c.objc; path = FancyLayer.m; sourceTree = "<group>"; };
		DA530064100FB67F000D32DF /* ShadeLayer.h */ = {isa = PBXFileReference; fileEncoding = 4; lastKnownFileType = sourcecode.c.h; path = ShadeLayer.h; sourceTree = "<group>"; };
		DA530065100FB67F000D32DF /* ShadeLayer.m */ = {isa = PBXFileReference; fileEncoding = 4; lastKnownFileType = sourcecode.c.objc; path = ShadeLayer.m; sourceTree = "<group>"; };
		DA530066100FB67F000D32DF /* SwipeLayer.h */ = {isa = PBXFileReference; fileEncoding = 4; lastKnownFileType = sourcecode.c.h; path = SwipeLayer.h; sourceTree = "<group>"; };
		DA530067100FB67F000D32DF /* SwipeLayer.m */ = {isa = PBXFileReference; fileEncoding = 4; lastKnownFileType = sourcecode.c.objc; path = SwipeLayer.m; sourceTree = "<group>"; };
		DA530078100FB726000D32DF /* UILayer.h */ = {isa = PBXFileReference; fileEncoding = 4; lastKnownFileType = sourcecode.c.h; path = UILayer.h; sourceTree = "<group>"; };
		DA530079100FB726000D32DF /* UILayer.m */ = {isa = PBXFileReference; fileEncoding = 4; lastKnownFileType = sourcecode.c.objc; path = UILayer.m; sourceTree = "<group>"; };
		DA53007E100FB770000D32DF /* Remove.h */ = {isa = PBXFileReference; fileEncoding = 4; lastKnownFileType = sourcecode.c.h; path = Remove.h; sourceTree = "<group>"; };
		DA53007F100FB770000D32DF /* Remove.m */ = {isa = PBXFileReference; fileEncoding = 4; lastKnownFileType = sourcecode.c.objc; path = Remove.m; sourceTree = "<group>"; };
		DA530080100FB770000D32DF /* ShadeTo.h */ = {isa = PBXFileReference; fileEncoding = 4; lastKnownFileType = sourcecode.c.h; path = ShadeTo.h; sourceTree = "<group>"; };
		DA530081100FB770000D32DF /* ShadeTo.m */ = {isa = PBXFileReference; fileEncoding = 4; lastKnownFileType = sourcecode.c.objc; path = ShadeTo.m; sourceTree = "<group>"; };
		DA5301AE100FB81F000D32DF /* DebugLayer.h */ = {isa = PBXFileReference; fileEncoding = 4; lastKnownFileType = sourcecode.c.h; path = DebugLayer.h; sourceTree = "<group>"; };
		DA5301AF100FB81F000D32DF /* DebugLayer.m */ = {isa = PBXFileReference; fileEncoding = 4; lastKnownFileType = sourcecode.c.objc; path = DebugLayer.m; sourceTree = "<group>"; };
		DA5301C2100FB9B3000D32DF /* AbstractAppDelegate.h */ = {isa = PBXFileReference; fileEncoding = 4; lastKnownFileType = sourcecode.c.h; path = AbstractAppDelegate.h; sourceTree = "<group>"; };
		DA5301C3100FB9B3000D32DF /* AbstractAppDelegate.m */ = {isa = PBXFileReference; fileEncoding = 4; lastKnownFileType = sourcecode.c.objc; path = AbstractAppDelegate.m; sourceTree = "<group>"; };
		DA5301CD100FBADB000D32DF /* Splash.h */ = {isa = PBXFileReference; fileEncoding = 4; lastKnownFileType = sourcecode.c.h; path = Splash.h; sourceTree = "<group>"; };
		DA5301CE100FBADB000D32DF /* Splash.m */ = {isa = PBXFileReference; fileEncoding = 4; lastKnownFileType = sourcecode.c.objc; path = Splash.m; sourceTree = "<group>"; };
		DA5301D6100FBB3A000D32DF /* HUDLayer.h */ = {isa = PBXFileReference; fileEncoding = 4; lastKnownFileType = sourcecode.c.h; path = HUDLayer.h; sourceTree = "<group>"; };
		DA5301D7100FBB3A000D32DF /* HUDLayer.m */ = {isa = PBXFileReference; fileEncoding = 4; lastKnownFileType = sourcecode.c.objc; path = HUDLayer.m; sourceTree = "<group>"; };
		DA530270100FBF46000D32DF /* BarSprite.h */ = {isa = PBXFileReference; fileEncoding = 4; lastKnownFileType = sourcecode.c.h; path = BarSprite.h; sourceTree = "<group>"; };
		DA530271100FBF46000D32DF /* BarSprite.m */ = {isa = PBXFileReference; fileEncoding = 4; lastKnownFileType = sourcecode.c.objc; path = BarSprite.m; sourceTree = "<group>"; };
		DA5303FF100FC6BB000D32DF /* aim.body.0.png */ = {isa = PBXFileReference; lastKnownFileType = image.png; path = aim.body.0.png; sourceTree = "<group>"; };
		DA530400100FC6BB000D32DF /* aim.body.1.png */ = {isa = PBXFileReference; lastKnownFileType = image.png; path = aim.body.1.png; sourceTree = "<group>"; };
		DA530401100FC6BB000D32DF /* aim.body.10.png */ = {isa = PBXFileReference; lastKnownFileType = image.png; path = aim.body.10.png; sourceTree = "<group>"; };
		DA530402100FC6BB000D32DF /* aim.body.11.png */ = {isa = PBXFileReference; lastKnownFileType = image.png; path = aim.body.11.png; sourceTree = "<group>"; };
		DA530403100FC6BB000D32DF /* aim.body.12.png */ = {isa = PBXFileReference; lastKnownFileType = image.png; path = aim.body.12.png; sourceTree = "<group>"; };
		DA530404100FC6BB000D32DF /* aim.body.13.png */ = {isa = PBXFileReference; lastKnownFileType = image.png; path = aim.body.13.png; sourceTree = "<group>"; };
		DA530405100FC6BB000D32DF /* aim.body.14.png */ = {isa = PBXFileReference; lastKnownFileType = image.png; path = aim.body.14.png; sourceTree = "<group>"; };
		DA530406100FC6BB000D32DF /* aim.body.15.png */ = {isa = PBXFileReference; lastKnownFileType = image.png; path = aim.body.15.png; sourceTree = "<group>"; };
		DA530407100FC6BB000D32DF /* aim.body.2.png */ = {isa = PBXFileReference; lastKnownFileType = image.png; path = aim.body.2.png; sourceTree = "<group>"; };
		DA530408100FC6BB000D32DF /* aim.body.3.png */ = {isa = PBXFileReference; lastKnownFileType = image.png; path = aim.body.3.png; sourceTree = "<group>"; };
		DA530409100FC6BB000D32DF /* aim.body.4.png */ = {isa = PBXFileReference; lastKnownFileType = image.png; path = aim.body.4.png; sourceTree = "<group>"; };
		DA53040A100FC6BB000D32DF /* aim.body.5.png */ = {isa = PBXFileReference; lastKnownFileType = image.png; path = aim.body.5.png; sourceTree = "<group>"; };
		DA53040B100FC6BB000D32DF /* aim.body.6.png */ = {isa = PBXFileReference; lastKnownFileType = image.png; path = aim.body.6.png; sourceTree = "<group>"; };
		DA53040C100FC6BB000D32DF /* aim.body.7.png */ = {isa = PBXFileReference; lastKnownFileType = image.png; path = aim.body.7.png; sourceTree = "<group>"; };
		DA53040D100FC6BB000D32DF /* aim.body.8.png */ = {isa = PBXFileReference; lastKnownFileType = image.png; path = aim.body.8.png; sourceTree = "<group>"; };
		DA53040E100FC6BB000D32DF /* aim.body.9.png */ = {isa = PBXFileReference; lastKnownFileType = image.png; path = aim.body.9.png; sourceTree = "<group>"; };
		DA53040F100FC6BB000D32DF /* aim.head.png */ = {isa = PBXFileReference; lastKnownFileType = image.png; path = aim.head.png; sourceTree = "<group>"; };
		DA530410100FC6BB000D32DF /* aim.tail.png */ = {isa = PBXFileReference; lastKnownFileType = image.png; path = aim.tail.png; sourceTree = "<group>"; };
		DA5304C9100FCCF6000D32DF /* bar.png */ = {isa = PBXFileReference; lastKnownFileType = image.png; path = bar.png; sourceTree = "<group>"; };
		DA5304CA100FCCF6000D32DF /* bonk.png */ = {isa = PBXFileReference; lastKnownFileType = image.png; path = bonk.png; sourceTree = "<group>"; };
		DA5304CB100FCCF6000D32DF /* fire.png */ = {isa = PBXFileReference; lastKnownFileType = image.png; path = fire.png; sourceTree = "<group>"; };
		DA5304CC100FCCF6000D32DF /* fps_images.png */ = {isa = PBXFileReference; lastKnownFileType = image.png; path = fps_images.png; sourceTree = "<group>"; };
		DA5304CD100FCCF6000D32DF /* smoke.png */ = {isa = PBXFileReference; lastKnownFileType = image.png; path = smoke.png; sourceTree = "<group>"; };
		DA5A78EC104296E300BB27DB /* Logger.h */ = {isa = PBXFileReference; fileEncoding = 4; lastKnownFileType = sourcecode.c.h; path = Logger.h; sourceTree = "<group>"; };
		DA5A78ED104296E300BB27DB /* Logger.m */ = {isa = PBXFileReference; fileEncoding = 4; lastKnownFileType = sourcecode.c.objc; path = Logger.m; sourceTree = "<group>"; };
		DA5A797410429B8300BB27DB /* PropertyAction.h */ = {isa = PBXFileReference; fileEncoding = 4; lastKnownFileType = sourcecode.c.h; path = PropertyAction.h; sourceTree = "<group>"; };
		DA5A797510429B8300BB27DB /* PropertyAction.m */ = {isa = PBXFileReference; fileEncoding = 4; lastKnownFileType = sourcecode.c.objc; path = PropertyAction.m; sourceTree = "<group>"; };
		DA6A1F421017B3D200B55AF8 /* en */ = {isa = PBXFileReference; fileEncoding = 4; lastKnownFileType = text.plist.strings; name = en; path = en.lproj/Localizable.strings; sourceTree = "<group>"; };
		DA6A1F441017B3D200B55AF8 /* en */ = {isa = PBXFileReference; lastKnownFileType = image.png; name = en; path = en.lproj/menu.png; sourceTree = "<group>"; };
		DA6A1F461017B3D200B55AF8 /* en */ = {isa = PBXFileReference; lastKnownFileType = image.png; name = en; path = en.lproj/score.png; sourceTree = "<group>"; };
		DA9479841056518700F36BFC /* Action.h */ = {isa = PBXFileReference; fileEncoding = 4; lastKnownFileType = sourcecode.c.h; path = Action.h; sourceTree = "<group>"; };
		DA9479851056518700F36BFC /* Action.m */ = {isa = PBXFileReference; fileEncoding = 4; lastKnownFileType = sourcecode.c.objc; path = Action.m; sourceTree = "<group>"; };
		DA9479861056518700F36BFC /* ActionManager.h */ = {isa = PBXFileReference; fileEncoding = 4; lastKnownFileType = sourcecode.c.h; path = ActionManager.h; sourceTree = "<group>"; };
		DA9479871056518700F36BFC /* ActionManager.m */ = {isa = PBXFileReference; fileEncoding = 4; lastKnownFileType = sourcecode.c.objc; path = ActionManager.m; sourceTree = "<group>"; };
		DA9479881056518700F36BFC /* AtlasNode.h */ = {isa = PBXFileReference; fileEncoding = 4; lastKnownFileType = sourcecode.c.h; path = AtlasNode.h; sourceTree = "<group>"; };
		DA9479891056518700F36BFC /* AtlasNode.m */ = {isa = PBXFileReference; fileEncoding = 4; lastKnownFileType = sourcecode.c.objc; path = AtlasNode.m; sourceTree = "<group>"; };
		DA94798A1056518700F36BFC /* AtlasSprite.h */ = {isa = PBXFileReference; fileEncoding = 4; lastKnownFileType = sourcecode.c.h; path = AtlasSprite.h; sourceTree = "<group>"; };
		DA94798B1056518700F36BFC /* AtlasSprite.m */ = {isa = PBXFileReference; fileEncoding = 4; lastKnownFileType = sourcecode.c.objc; path = AtlasSprite.m; sourceTree = "<group>"; };
		DA94798C1056518700F36BFC /* AtlasSpriteManager.h */ = {isa = PBXFileReference; fileEncoding = 4; lastKnownFileType = sourcecode.c.h; path = AtlasSpriteManager.h; sourceTree = "<group>"; };
		DA94798D1056518700F36BFC /* AtlasSpriteManager.m */ = {isa = PBXFileReference; fileEncoding = 4; lastKnownFileType = sourcecode.c.objc; path = AtlasSpriteManager.m; sourceTree = "<group>"; };
		DA94798E1056518700F36BFC /* BitmapFontAtlas.h */ = {isa = PBXFileReference; fileEncoding = 4; lastKnownFileType = sourcecode.c.h; path = BitmapFontAtlas.h; sourceTree = "<group>"; };
		DA94798F1056518700F36BFC /* BitmapFontAtlas.m */ = {isa = PBXFileReference; fileEncoding = 4; lastKnownFileType = sourcecode.c.objc; path = BitmapFontAtlas.m; sourceTree = "<group>"; };
		DA9479901056518700F36BFC /* Camera.h */ = {isa = PBXFileReference; fileEncoding = 4; lastKnownFileType = sourcecode.c.h; path = Camera.h; sourceTree = "<group>"; };
		DA9479911056518700F36BFC /* Camera.m */ = {isa = PBXFileReference; fileEncoding = 4; lastKnownFileType = sourcecode.c.objc; path = Camera.m; sourceTree = "<group>"; };
		DA9479921056518700F36BFC /* CameraAction.h */ = {isa = PBXFileReference; fileEncoding = 4; lastKnownFileType = sourcecode.c.h; path = CameraAction.h; sourceTree = "<group>"; };
		DA9479931056518700F36BFC /* CameraAction.m */ = {isa = PBXFileReference; fileEncoding = 4; lastKnownFileType = sourcecode.c.objc; path = CameraAction.m; sourceTree = "<group>"; };
		DA9479941056518700F36BFC /* ccExceptions.h */ = {isa = PBXFileReference; fileEncoding = 4; lastKnownFileType = sourcecode.c.h; path = ccExceptions.h; sourceTree = "<group>"; };
		DA9479951056518700F36BFC /* ccMacros.h */ = {isa = PBXFileReference; fileEncoding = 4; lastKnownFileType = sourcecode.c.h; path = ccMacros.h; sourceTree = "<group>"; };
		DA9479961056518700F36BFC /* ccTypes.h */ = {isa = PBXFileReference; fileEncoding = 4; lastKnownFileType = sourcecode.c.h; path = ccTypes.h; sourceTree = "<group>"; };
		DA9479971056518700F36BFC /* cocos2d.h */ = {isa = PBXFileReference; fileEncoding = 4; lastKnownFileType = sourcecode.c.h; path = cocos2d.h; sourceTree = "<group>"; };
		DA9479981056518700F36BFC /* cocos2d.m */ = {isa = PBXFileReference; fileEncoding = 4; lastKnownFileType = sourcecode.c.objc; path = cocos2d.m; sourceTree = "<group>"; };
		DA9479991056518700F36BFC /* CocosNode.h */ = {isa = PBXFileReference; fileEncoding = 4; lastKnownFileType = sourcecode.c.h; path = CocosNode.h; sourceTree = "<group>"; };
		DA94799A1056518700F36BFC /* CocosNode.m */ = {isa = PBXFileReference; fileEncoding = 4; lastKnownFileType = sourcecode.c.objc; path = CocosNode.m; sourceTree = "<group>"; };
		DA94799B1056518700F36BFC /* Director.h */ = {isa = PBXFileReference; fileEncoding = 4; lastKnownFileType = sourcecode.c.h; path = Director.h; sourceTree = "<group>"; };
		DA94799C1056518700F36BFC /* Director.m */ = {isa = PBXFileReference; fileEncoding = 4; lastKnownFileType = sourcecode.c.objc; path = Director.m; sourceTree = "<group>"; };
		DA94799D1056518700F36BFC /* DrawingPrimitives.h */ = {isa = PBXFileReference; fileEncoding = 4; lastKnownFileType = sourcecode.c.h; path = DrawingPrimitives.h; sourceTree = "<group>"; };
		DA94799E1056518700F36BFC /* DrawingPrimitives.m */ = {isa = PBXFileReference; fileEncoding = 4; lastKnownFileType = sourcecode.c.objc; path = DrawingPrimitives.m; sourceTree = "<group>"; };
		DA94799F1056518700F36BFC /* EaseAction.h */ = {isa = PBXFileReference; fileEncoding = 4; lastKnownFileType = sourcecode.c.h; path = EaseAction.h; sourceTree = "<group>"; };
		DA9479A01056518700F36BFC /* EaseAction.m */ = {isa = PBXFileReference; fileEncoding = 4; lastKnownFileType = sourcecode.c.objc; path = EaseAction.m; sourceTree = "<group>"; };
		DA9479A11056518700F36BFC /* Grabber.h */ = {isa = PBXFileReference; fileEncoding = 4; lastKnownFileType = sourcecode.c.h; path = Grabber.h; sourceTree = "<group>"; };
		DA9479A21056518700F36BFC /* Grabber.m */ = {isa = PBXFileReference; fileEncoding = 4; lastKnownFileType = sourcecode.c.objc; path = Grabber.m; sourceTree = "<group>"; };
		DA9479A31056518700F36BFC /* Grid.h */ = {isa = PBXFileReference; fileEncoding = 4; lastKnownFileType = sourcecode.c.h; path = Grid.h; sourceTree = "<group>"; };
		DA9479A41056518700F36BFC /* Grid.m */ = {isa = PBXFileReference; fileEncoding = 4; lastKnownFileType = sourcecode.c.objc; path = Grid.m; sourceTree = "<group>"; };
		DA9479A51056518700F36BFC /* Grid3DAction.h */ = {isa = PBXFileReference; fileEncoding = 4; lastKnownFileType = sourcecode.c.h; path = Grid3DAction.h; sourceTree = "<group>"; };
		DA9479A61056518700F36BFC /* Grid3DAction.m */ = {isa = PBXFileReference; fileEncoding = 4; lastKnownFileType = sourcecode.c.objc; path = Grid3DAction.m; sourceTree = "<group>"; };
		DA9479A71056518700F36BFC /* GridAction.h */ = {isa = PBXFileReference; fileEncoding = 4; lastKnownFileType = sourcecode.c.h; path = GridAction.h; sourceTree = "<group>"; };
		DA9479A81056518700F36BFC /* GridAction.m */ = {isa = PBXFileReference; fileEncoding = 4; lastKnownFileType = sourcecode.c.objc; path = GridAction.m; sourceTree = "<group>"; };
		DA9479A91056518700F36BFC /* InstantAction.h */ = {isa = PBXFileReference; fileEncoding = 4; lastKnownFileType = sourcecode.c.h; path = InstantAction.h; sourceTree = "<group>"; };
		DA9479AA1056518700F36BFC /* InstantAction.m */ = {isa = PBXFileReference; fileEncoding = 4; lastKnownFileType = sourcecode.c.objc; path = InstantAction.m; sourceTree = "<group>"; };
		DA9479AB1056518700F36BFC /* IntervalAction.h */ = {isa = PBXFileReference; fileEncoding = 4; lastKnownFileType = sourcecode.c.h; path = IntervalAction.h; sourceTree = "<group>"; };
		DA9479AC1056518700F36BFC /* IntervalAction.m */ = {isa = PBXFileReference; fileEncoding = 4; lastKnownFileType = sourcecode.c.objc; path = IntervalAction.m; sourceTree = "<group>"; };
		DA9479AD1056518700F36BFC /* Label.h */ = {isa = PBXFileReference; fileEncoding = 4; lastKnownFileType = sourcecode.c.h; path = Label.h; sourceTree = "<group>"; };
		DA9479AE1056518700F36BFC /* Label.m */ = {isa = PBXFileReference; fileEncoding = 4; lastKnownFileType = sourcecode.c.objc; path = Label.m; sourceTree = "<group>"; };
		DA9479AF1056518700F36BFC /* LabelAtlas.h */ = {isa = PBXFileReference; fileEncoding = 4; lastKnownFileType = sourcecode.c.h; path = LabelAtlas.h; sourceTree = "<group>"; };
		DA9479B01056518700F36BFC /* LabelAtlas.m */ = {isa = PBXFileReference; fileEncoding = 4; lastKnownFileType = sourcecode.c.objc; path = LabelAtlas.m; sourceTree = "<group>"; };
		DA9479B11056518700F36BFC /* Layer.h */ = {isa = PBXFileReference; fileEncoding = 4; lastKnownFileType = sourcecode.c.h; path = Layer.h; sourceTree = "<group>"; };
		DA9479B21056518700F36BFC /* Layer.m */ = {isa = PBXFileReference; fileEncoding = 4; lastKnownFileType = sourcecode.c.objc; path = Layer.m; sourceTree = "<group>"; };
		DA9479B31056518700F36BFC /* Menu.h */ = {isa = PBXFileReference; fileEncoding = 4; lastKnownFileType = sourcecode.c.h; path = Menu.h; sourceTree = "<group>"; };
		DA9479B41056518700F36BFC /* Menu.m */ = {isa = PBXFileReference; fileEncoding = 4; lastKnownFileType = sourcecode.c.objc; path = Menu.m; sourceTree = "<group>"; };
		DA9479B51056518700F36BFC /* MenuItem.h */ = {isa = PBXFileReference; fileEncoding = 4; lastKnownFileType = sourcecode.c.h; path = MenuItem.h; sourceTree = "<group>"; };
		DA9479B61056518700F36BFC /* MenuItem.m */ = {isa = PBXFileReference; fileEncoding = 4; lastKnownFileType = sourcecode.c.objc; path = MenuItem.m; sourceTree = "<group>"; };
		DA9479B71056518700F36BFC /* MotionStreak.h */ = {isa = PBXFileReference; fileEncoding = 4; lastKnownFileType = sourcecode.c.h; path = MotionStreak.h; sourceTree = "<group>"; };
		DA9479B81056518700F36BFC /* MotionStreak.m */ = {isa = PBXFileReference; fileEncoding = 4; lastKnownFileType = sourcecode.c.objc; path = MotionStreak.m; sourceTree = "<group>"; };
		DA9479B91056518700F36BFC /* ParallaxNode.h */ = {isa = PBXFileReference; fileEncoding = 4; lastKnownFileType = sourcecode.c.h; path = ParallaxNode.h; sourceTree = "<group>"; };
		DA9479BA1056518700F36BFC /* ParallaxNode.m */ = {isa = PBXFileReference; fileEncoding = 4; lastKnownFileType = sourcecode.c.objc; path = ParallaxNode.m; sourceTree = "<group>"; };
		DA9479BB1056518700F36BFC /* ParticleExamples.h */ = {isa = PBXFileReference; fileEncoding = 4; lastKnownFileType = sourcecode.c.h; path = ParticleExamples.h; sourceTree = "<group>"; };
		DA9479BC1056518700F36BFC /* ParticleExamples.m */ = {isa = PBXFileReference; fileEncoding = 4; lastKnownFileType = sourcecode.c.objc; path = ParticleExamples.m; sourceTree = "<group>"; };
		DA9479BD1056518700F36BFC /* ParticleSystem.h */ = {isa = PBXFileReference; fileEncoding = 4; lastKnownFileType = sourcecode.c.h; path = ParticleSystem.h; sourceTree = "<group>"; };
		DA9479BE1056518700F36BFC /* ParticleSystem.m */ = {isa = PBXFileReference; fileEncoding = 4; lastKnownFileType = sourcecode.c.objc; path = ParticleSystem.m; sourceTree = "<group>"; };
		DA9479BF1056518700F36BFC /* PointParticleSystem.h */ = {isa = PBXFileReference; fileEncoding = 4; lastKnownFileType = sourcecode.c.h; path = PointParticleSystem.h; sourceTree = "<group>"; };
		DA9479C01056518700F36BFC /* PointParticleSystem.m */ = {isa = PBXFileReference; fileEncoding = 4; lastKnownFileType = sourcecode.c.objc; path = PointParticleSystem.m; sourceTree = "<group>"; };
		DA9479C11056518700F36BFC /* QuadParticleSystem.h */ = {isa = PBXFileReference; fileEncoding = 4; lastKnownFileType = sourcecode.c.h; path = QuadParticleSystem.h; sourceTree = "<group>"; };
		DA9479C21056518700F36BFC /* QuadParticleSystem.m */ = {isa = PBXFileReference; fileEncoding = 4; lastKnownFileType = sourcecode.c.objc; path = QuadParticleSystem.m; sourceTree = "<group>"; };
		DA9479C31056518700F36BFC /* RenderTexture.h */ = {isa = PBXFileReference; fileEncoding = 4; lastKnownFileType = sourcecode.c.h; path = RenderTexture.h; sourceTree = "<group>"; };
		DA9479C41056518700F36BFC /* RenderTexture.m */ = {isa = PBXFileReference; fileEncoding = 4; lastKnownFileType = sourcecode.c.objc; path = RenderTexture.m; sourceTree = "<group>"; };
		DA9479C51056518700F36BFC /* Ribbon.h */ = {isa = PBXFileReference; fileEncoding = 4; lastKnownFileType = sourcecode.c.h; path = Ribbon.h; sourceTree = "<group>"; };
		DA9479C61056518700F36BFC /* Ribbon.m */ = {isa = PBXFileReference; fileEncoding = 4; lastKnownFileType = sourcecode.c.objc; path = Ribbon.m; sourceTree = "<group>"; };
		DA9479C71056518700F36BFC /* Scene.h */ = {isa = PBXFileReference; fileEncoding = 4; lastKnownFileType = sourcecode.c.h; path = Scene.h; sourceTree = "<group>"; };
		DA9479C81056518700F36BFC /* Scene.m */ = {isa = PBXFileReference; fileEncoding = 4; lastKnownFileType = sourcecode.c.objc; path = Scene.m; sourceTree = "<group>"; };
		DA9479C91056518700F36BFC /* Scheduler.h */ = {isa = PBXFileReference; fileEncoding = 4; lastKnownFileType = sourcecode.c.h; path = Scheduler.h; sourceTree = "<group>"; };
		DA9479CA1056518700F36BFC /* Scheduler.m */ = {isa = PBXFileReference; fileEncoding = 4; lastKnownFileType = sourcecode.c.objc; path = Scheduler.m; sourceTree = "<group>"; };
		DA9479CB1056518700F36BFC /* Sprite.h */ = {isa = PBXFileReference; fileEncoding = 4; lastKnownFileType = sourcecode.c.h; path = Sprite.h; sourceTree = "<group>"; };
		DA9479CC1056518700F36BFC /* Sprite.m */ = {isa = PBXFileReference; fileEncoding = 4; lastKnownFileType = sourcecode.c.objc; path = Sprite.m; sourceTree = "<group>"; };
		DA9479CE1056518700F36BFC /* base64.c */ = {isa = PBXFileReference; fileEncoding = 4; lastKnownFileType = sourcecode.c.c; path = base64.c; sourceTree = "<group>"; };
		DA9479CF1056518700F36BFC /* base64.h */ = {isa = PBXFileReference; fileEncoding = 4; lastKnownFileType = sourcecode.c.h; path = base64.h; sourceTree = "<group>"; };
		DA9479D01056518700F36BFC /* ccArray.h */ = {isa = PBXFileReference; fileEncoding = 4; lastKnownFileType = sourcecode.c.h; path = ccArray.h; sourceTree = "<group>"; };
		DA9479D11056518700F36BFC /* ccHashSet.h */ = {isa = PBXFileReference; fileEncoding = 4; lastKnownFileType = sourcecode.c.h; path = ccHashSet.h; sourceTree = "<group>"; };
		DA9479D21056518700F36BFC /* ccHashSet.m */ = {isa = PBXFileReference; fileEncoding = 4; lastKnownFileType = sourcecode.c.objc; path = ccHashSet.m; sourceTree = "<group>"; };
		DA9479D31056518700F36BFC /* CGPointExtension.h */ = {isa = PBXFileReference; fileEncoding = 4; lastKnownFileType = sourcecode.c.h; path = CGPointExtension.h; sourceTree = "<group>"; };
		DA9479D41056518700F36BFC /* CGPointExtension.m */ = {isa = PBXFileReference; fileEncoding = 4; lastKnownFileType = sourcecode.c.objc; path = CGPointExtension.m; sourceTree = "<group>"; };
		DA9479D51056518700F36BFC /* EAGLView.h */ = {isa = PBXFileReference; fileEncoding = 4; lastKnownFileType = sourcecode.c.h; path = EAGLView.h; sourceTree = "<group>"; };
		DA9479D61056518700F36BFC /* EAGLView.m */ = {isa = PBXFileReference; fileEncoding = 4; lastKnownFileType = sourcecode.c.objc; path = EAGLView.m; sourceTree = "<group>"; };
		DA9479D71056518700F36BFC /* FileUtils.h */ = {isa = PBXFileReference; fileEncoding = 4; lastKnownFileType = sourcecode.c.h; path = FileUtils.h; sourceTree = "<group>"; };
		DA9479D81056518700F36BFC /* FileUtils.m */ = {isa = PBXFileReference; fileEncoding = 4; lastKnownFileType = sourcecode.c.objc; path = FileUtils.m; sourceTree = "<group>"; };
		DA9479D91056518700F36BFC /* glu.c */ = {isa = PBXFileReference; fileEncoding = 4; lastKnownFileType = sourcecode.c.c; path = glu.c; sourceTree = "<group>"; };
		DA9479DA1056518700F36BFC /* glu.h */ = {isa = PBXFileReference; fileEncoding = 4; lastKnownFileType = sourcecode.c.h; path = glu.h; sourceTree = "<group>"; };
		DA9479DB1056518700F36BFC /* OpenGL_Internal.h */ = {isa = PBXFileReference; fileEncoding = 4; lastKnownFileType = sourcecode.c.h; path = OpenGL_Internal.h; sourceTree = "<group>"; };
		DA9479DC1056518700F36BFC /* PVRTexture.h */ = {isa = PBXFileReference; fileEncoding = 4; lastKnownFileType = sourcecode.c.h; path = PVRTexture.h; sourceTree = "<group>"; };
		DA9479DD1056518700F36BFC /* PVRTexture.m */ = {isa = PBXFileReference; fileEncoding = 4; lastKnownFileType = sourcecode.c.objc; path = PVRTexture.m; sourceTree = "<group>"; };
		DA9479DE1056518700F36BFC /* Texture2D.h */ = {isa = PBXFileReference; fileEncoding = 4; lastKnownFileType = sourcecode.c.h; path = Texture2D.h; sourceTree = "<group>"; };
		DA9479DF1056518700F36BFC /* Texture2D.m */ = {isa = PBXFileReference; fileEncoding = 4; lastKnownFileType = sourcecode.c.objc; path = Texture2D.m; sourceTree = "<group>"; };
		DA9479E01056518700F36BFC /* TGAlib.h */ = {isa = PBXFileReference; fileEncoding = 4; lastKnownFileType = sourcecode.c.h; path = TGAlib.h; sourceTree = "<group>"; };
		DA9479E11056518700F36BFC /* TGAlib.m */ = {isa = PBXFileReference; fileEncoding = 4; lastKnownFileType = sourcecode.c.objc; path = TGAlib.m; sourceTree = "<group>"; };
		DA9479E21056518700F36BFC /* TransformUtils.h */ = {isa = PBXFileReference; fileEncoding = 4; lastKnownFileType = sourcecode.c.h; path = TransformUtils.h; sourceTree = "<group>"; };
		DA9479E31056518700F36BFC /* TransformUtils.m */ = {isa = PBXFileReference; fileEncoding = 4; lastKnownFileType = sourcecode.c.objc; path = TransformUtils.m; sourceTree = "<group>"; };
		DA9479E41056518700F36BFC /* ZipUtils.h */ = {isa = PBXFileReference; fileEncoding = 4; lastKnownFileType = sourcecode.c.h; path = ZipUtils.h; sourceTree = "<group>"; };
		DA9479E51056518700F36BFC /* ZipUtils.m */ = {isa = PBXFileReference; fileEncoding = 4; lastKnownFileType = sourcecode.c.objc; path = ZipUtils.m; sourceTree = "<group>"; };
		DA9479E61056518700F36BFC /* TextureAtlas.h */ = {isa = PBXFileReference; fileEncoding = 4; lastKnownFileType = sourcecode.c.h; path = TextureAtlas.h; sourceTree = "<group>"; };
		DA9479E71056518700F36BFC /* TextureAtlas.m */ = {isa = PBXFileReference; fileEncoding = 4; lastKnownFileType = sourcecode.c.objc; path = TextureAtlas.m; sourceTree = "<group>"; };
		DA9479E81056518700F36BFC /* TextureMgr.h */ = {isa = PBXFileReference; fileEncoding = 4; lastKnownFileType = sourcecode.c.h; path = TextureMgr.h; sourceTree = "<group>"; };
		DA9479E91056518700F36BFC /* TextureMgr.m */ = {isa = PBXFileReference; fileEncoding = 4; lastKnownFileType = sourcecode.c.objc; path = TextureMgr.m; sourceTree = "<group>"; };
		DA9479EA1056518700F36BFC /* TextureNode.h */ = {isa = PBXFileReference; fileEncoding = 4; lastKnownFileType = sourcecode.c.h; path = TextureNode.h; sourceTree = "<group>"; };
		DA9479EB1056518700F36BFC /* TextureNode.m */ = {isa = PBXFileReference; fileEncoding = 4; lastKnownFileType = sourcecode.c.objc; path = TextureNode.m; sourceTree = "<group>"; };
		DA9479EC1056518700F36BFC /* TiledGridAction.h */ = {isa = PBXFileReference; fileEncoding = 4; lastKnownFileType = sourcecode.c.h; path = TiledGridAction.h; sourceTree = "<group>"; };
		DA9479ED1056518700F36BFC /* TiledGridAction.m */ = {isa = PBXFileReference; fileEncoding = 4; lastKnownFileType = sourcecode.c.objc; path = TiledGridAction.m; sourceTree = "<group>"; };
		DA9479EE1056518700F36BFC /* TileMapAtlas.h */ = {isa = PBXFileReference; fileEncoding = 4; lastKnownFileType = sourcecode.c.h; path = TileMapAtlas.h; sourceTree = "<group>"; };
		DA9479EF1056518700F36BFC /* TileMapAtlas.m */ = {isa = PBXFileReference; fileEncoding = 4; lastKnownFileType = sourcecode.c.objc; path = TileMapAtlas.m; sourceTree = "<group>"; };
		DA9479F01056518700F36BFC /* TMXTiledMap.h */ = {isa = PBXFileReference; fileEncoding = 4; lastKnownFileType = sourcecode.c.h; path = TMXTiledMap.h; sourceTree = "<group>"; };
		DA9479F11056518700F36BFC /* TMXTiledMap.m */ = {isa = PBXFileReference; fileEncoding = 4; lastKnownFileType = sourcecode.c.objc; path = TMXTiledMap.m; sourceTree = "<group>"; };
		DA9479F21056518700F36BFC /* TMXXMLParser.h */ = {isa = PBXFileReference; fileEncoding = 4; lastKnownFileType = sourcecode.c.h; path = TMXXMLParser.h; sourceTree = "<group>"; };
		DA9479F31056518700F36BFC /* TMXXMLParser.m */ = {isa = PBXFileReference; fileEncoding = 4; lastKnownFileType = sourcecode.c.objc; path = TMXXMLParser.m; sourceTree = "<group>"; };
		DA9479F41056518700F36BFC /* TouchDelegateProtocol.h */ = {isa = PBXFileReference; fileEncoding = 4; lastKnownFileType = sourcecode.c.h; path = TouchDelegateProtocol.h; sourceTree = "<group>"; };
		DA9479F51056518700F36BFC /* TouchDispatcher.h */ = {isa = PBXFileReference; fileEncoding = 4; lastKnownFileType = sourcecode.c.h; path = TouchDispatcher.h; sourceTree = "<group>"; };
		DA9479F61056518700F36BFC /* TouchDispatcher.m */ = {isa = PBXFileReference; fileEncoding = 4; lastKnownFileType = sourcecode.c.objc; path = TouchDispatcher.m; sourceTree = "<group>"; };
		DA9479F71056518700F36BFC /* TouchHandler.h */ = {isa = PBXFileReference; fileEncoding = 4; lastKnownFileType = sourcecode.c.h; path = TouchHandler.h; sourceTree = "<group>"; };
		DA9479F81056518700F36BFC /* TouchHandler.m */ = {isa = PBXFileReference; fileEncoding = 4; lastKnownFileType = sourcecode.c.objc; path = TouchHandler.m; sourceTree = "<group>"; };
		DA9479F91056518700F36BFC /* Transition.h */ = {isa = PBXFileReference; fileEncoding = 4; lastKnownFileType = sourcecode.c.h; path = Transition.h; sourceTree = "<group>"; };
		DA9479FA1056518700F36BFC /* Transition.m */ = {isa = PBXFileReference; fileEncoding = 4; lastKnownFileType = sourcecode.c.objc; path = Transition.m; sourceTree = "<group>"; };
		DA947A331056519700F36BFC /* MenuItemTitle.h */ = {isa = PBXFileReference; fileEncoding = 4; lastKnownFileType = sourcecode.c.h; path = MenuItemTitle.h; sourceTree = "<group>"; };
		DA947A341056519700F36BFC /* MenuItemTitle.m */ = {isa = PBXFileReference; fileEncoding = 4; lastKnownFileType = sourcecode.c.objc; path = MenuItemTitle.m; sourceTree = "<group>"; };
		DA9EE08F1029615500528A29 /* MenuItemSpacer.h */ = {isa = PBXFileReference; fileEncoding = 4; lastKnownFileType = sourcecode.c.h; path = MenuItemSpacer.h; sourceTree = "<group>"; };
		DA9EE0901029615500528A29 /* MenuItemSpacer.m */ = {isa = PBXFileReference; fileEncoding = 4; lastKnownFileType = sourcecode.c.objc; path = MenuItemSpacer.m; sourceTree = "<group>"; };
		DAF609C21020961F00F53A37 /* MenuLayer.h */ = {isa = PBXFileReference; fileEncoding = 4; lastKnownFileType = sourcecode.c.h; path = MenuLayer.h; sourceTree = "<group>"; };
		DAF609C31020961F00F53A37 /* MenuLayer.m */ = {isa = PBXFileReference; fileEncoding = 4; lastKnownFileType = sourcecode.c.objc; path = MenuLayer.m; sourceTree = "<group>"; };
		DAF60A8F1020C60F00F53A37 /* snapclick.caf */ = {isa = PBXFileReference; lastKnownFileType = file; path = snapclick.caf; sourceTree = "<group>"; };
/* End PBXFileReference section */

/* Begin PBXFrameworksBuildPhase section */
		1D60588F0D05DD3D006BFB54 /* Frameworks */ = {
			isa = PBXFrameworksBuildPhase;
			buildActionMask = 2147483647;
			files = (
				DA4E5CD00F7FE1D6007BE3B9 /* AudioToolbox.framework in Frameworks */,
				DA4E5CD10F7FE1D6007BE3B9 /* AVFoundation.framework in Frameworks */,
				DA4E5CD20F7FE1D6007BE3B9 /* CoreGraphics.framework in Frameworks */,
				DA4E5CD30F7FE1D6007BE3B9 /* Foundation.framework in Frameworks */,
				DA4E5CD40F7FE1D6007BE3B9 /* OpenGLES.framework in Frameworks */,
				DA4E5CD50F7FE1D6007BE3B9 /* QuartzCore.framework in Frameworks */,
				DA4E5CD60F7FE1D6007BE3B9 /* UIKit.framework in Frameworks */,
			);
			runOnlyForDeploymentPostprocessing = 0;
		};
/* End PBXFrameworksBuildPhase section */

/* Begin PBXGroup section */
		080E96DDFE201D6D7F000001 /* Sources */ = {
			isa = PBXGroup;
			children = (
				DA6A1F411017B3D200B55AF8 /* Localizable.strings */,
				DA6A1F431017B3D200B55AF8 /* menu.png */,
				DA6A1F451017B3D200B55AF8 /* score.png */,
				DA2282270EE1A38A00BA53D2 /* Backend */,
				DA2282250EE1A2F100BA53D2 /* Actions */,
				DA2282260EE1A30300BA53D2 /* Video */,
				DA5303FE100FC6BB000D32DF /* Images */,
				DAF60A8E1020C60F00F53A37 /* Audio */,
			);
			path = Sources;
			sourceTree = "<group>";
		};
		19C28FACFE9D520D11CA2CBB /* Products */ = {
			isa = PBXGroup;
			children = (
				DA379EBC0F0964BA00541EF4 /* iLibsDev.app */,
			);
			name = Products;
			sourceTree = "<group>";
		};
		29B97314FDCFA39411CA2CEA /* CustomTemplate */ = {
			isa = PBXGroup;
			children = (
				080E96DDFE201D6D7F000001 /* Sources */,
				DABF1FF40EB2703B002C32BF /* Support */,
				29B97315FDCFA39411CA2CEA /* Other Sources */,
				29B97317FDCFA39411CA2CEA /* Resources */,
				29B97323FDCFA39411CA2CEA /* Frameworks */,
				19C28FACFE9D520D11CA2CBB /* Products */,
			);
			name = CustomTemplate;
			sourceTree = "<group>";
		};
		29B97315FDCFA39411CA2CEA /* Other Sources */ = {
			isa = PBXGroup;
			children = (
				32CA4F630368D1EE00C91783 /* Prefix.pch */,
				29B97316FDCFA39411CA2CEA /* main.m */,
			);
			name = "Other Sources";
			sourceTree = "<group>";
		};
		29B97317FDCFA39411CA2CEA /* Resources */ = {
			isa = PBXGroup;
			children = (
				8D1107310486CEB800E47090 /* Info.plist */,
			);
			name = Resources;
			sourceTree = "<group>";
		};
		29B97323FDCFA39411CA2CEA /* Frameworks */ = {
			isa = PBXGroup;
			children = (
				DA4E5CBB0F7FE1D6007BE3B9 /* AudioToolbox.framework */,
				DA4E5CBC0F7FE1D6007BE3B9 /* AVFoundation.framework */,
				DA4E5CBD0F7FE1D6007BE3B9 /* CoreGraphics.framework */,
				DA4E5CBE0F7FE1D6007BE3B9 /* Foundation.framework */,
				DA4E5CBF0F7FE1D6007BE3B9 /* OpenGLES.framework */,
				DA4E5CC00F7FE1D6007BE3B9 /* QuartzCore.framework */,
				DA4E5CC10F7FE1D6007BE3B9 /* UIKit.framework */,
			);
			name = Frameworks;
			sourceTree = "<group>";
		};
		DA1816480F0E24F50064F470 /* Menus */ = {
			isa = PBXGroup;
			children = (
				DAF609C21020961F00F53A37 /* MenuLayer.h */,
				DAF609C31020961F00F53A37 /* MenuLayer.m */,
				DA947A331056519700F36BFC /* MenuItemTitle.h */,
				DA947A341056519700F36BFC /* MenuItemTitle.m */,
				DA9EE08F1029615500528A29 /* MenuItemSpacer.h */,
				DA9EE0901029615500528A29 /* MenuItemSpacer.m */,
			);
			path = Menus;
			sourceTree = "<group>";
		};
		DA2282240EE1A2B000BA53D2 /* Sprites */ = {
			isa = PBXGroup;
			children = (
			);
			path = Sprites;
			sourceTree = "<group>";
		};
		DA2282250EE1A2F100BA53D2 /* Actions */ = {
			isa = PBXGroup;
			children = (
				DA5A797410429B8300BB27DB /* PropertyAction.h */,
				DA5A797510429B8300BB27DB /* PropertyAction.m */,
				DA53007E100FB770000D32DF /* Remove.h */,
				DA53007F100FB770000D32DF /* Remove.m */,
				DA530080100FB770000D32DF /* ShadeTo.h */,
				DA530081100FB770000D32DF /* ShadeTo.m */,
			);
			path = Actions;
			sourceTree = "<group>";
		};
		DA2282260EE1A30300BA53D2 /* Video */ = {
			isa = PBXGroup;
			children = (
				DA2282240EE1A2B000BA53D2 /* Sprites */,
				DACA4E220EB3A8E90096F970 /* Views */,
			);
			path = Video;
			sourceTree = "<group>";
		};
		DA2282270EE1A38A00BA53D2 /* Backend */ = {
			isa = PBXGroup;
			children = (
				DA5A78EC104296E300BB27DB /* Logger.h */,
				DA5A78ED104296E300BB27DB /* Logger.m */,
				DA53004E100FB5CD000D32DF /* Config.h */,
				DA53004F100FB5CD000D32DF /* Config.m */,
				DA5301C2100FB9B3000D32DF /* AbstractAppDelegate.h */,
				DA5301C3100FB9B3000D32DF /* AbstractAppDelegate.m */,
				DA530043100FB318000D32DF /* AudioController.h */,
				DA530044100FB318000D32DF /* AudioController.m */,
			);
			path = Backend;
			sourceTree = "<group>";
		};
		DA5303FE100FC6BB000D32DF /* Images */ = {
			isa = PBXGroup;
			children = (
				DA5304C9100FCCF6000D32DF /* bar.png */,
				DA5304CA100FCCF6000D32DF /* bonk.png */,
				DA5304CB100FCCF6000D32DF /* fire.png */,
				DA5304CC100FCCF6000D32DF /* fps_images.png */,
				DA5304CD100FCCF6000D32DF /* smoke.png */,
				DA5303FF100FC6BB000D32DF /* aim.body.0.png */,
				DA530400100FC6BB000D32DF /* aim.body.1.png */,
				DA530401100FC6BB000D32DF /* aim.body.10.png */,
				DA530402100FC6BB000D32DF /* aim.body.11.png */,
				DA530403100FC6BB000D32DF /* aim.body.12.png */,
				DA530404100FC6BB000D32DF /* aim.body.13.png */,
				DA530405100FC6BB000D32DF /* aim.body.14.png */,
				DA530406100FC6BB000D32DF /* aim.body.15.png */,
				DA530407100FC6BB000D32DF /* aim.body.2.png */,
				DA530408100FC6BB000D32DF /* aim.body.3.png */,
				DA530409100FC6BB000D32DF /* aim.body.4.png */,
				DA53040A100FC6BB000D32DF /* aim.body.5.png */,
				DA53040B100FC6BB000D32DF /* aim.body.6.png */,
				DA53040C100FC6BB000D32DF /* aim.body.7.png */,
				DA53040D100FC6BB000D32DF /* aim.body.8.png */,
				DA53040E100FC6BB000D32DF /* aim.body.9.png */,
				DA53040F100FC6BB000D32DF /* aim.head.png */,
				DA530410100FC6BB000D32DF /* aim.tail.png */,
			);
			path = Images;
			sourceTree = "<group>";
		};
		DA9479831056518700F36BFC /* cocos2d */ = {
			isa = PBXGroup;
			children = (
				DA9479841056518700F36BFC /* Action.h */,
				DA9479851056518700F36BFC /* Action.m */,
				DA9479861056518700F36BFC /* ActionManager.h */,
				DA9479871056518700F36BFC /* ActionManager.m */,
				DA9479881056518700F36BFC /* AtlasNode.h */,
				DA9479891056518700F36BFC /* AtlasNode.m */,
				DA94798A1056518700F36BFC /* AtlasSprite.h */,
				DA94798B1056518700F36BFC /* AtlasSprite.m */,
				DA94798C1056518700F36BFC /* AtlasSpriteManager.h */,
				DA94798D1056518700F36BFC /* AtlasSpriteManager.m */,
				DA94798E1056518700F36BFC /* BitmapFontAtlas.h */,
				DA94798F1056518700F36BFC /* BitmapFontAtlas.m */,
				DA9479901056518700F36BFC /* Camera.h */,
				DA9479911056518700F36BFC /* Camera.m */,
				DA9479921056518700F36BFC /* CameraAction.h */,
				DA9479931056518700F36BFC /* CameraAction.m */,
				DA9479941056518700F36BFC /* ccExceptions.h */,
				DA9479951056518700F36BFC /* ccMacros.h */,
				DA9479961056518700F36BFC /* ccTypes.h */,
				DA9479971056518700F36BFC /* cocos2d.h */,
				DA9479981056518700F36BFC /* cocos2d.m */,
				DA9479991056518700F36BFC /* CocosNode.h */,
				DA94799A1056518700F36BFC /* CocosNode.m */,
				DA94799B1056518700F36BFC /* Director.h */,
				DA94799C1056518700F36BFC /* Director.m */,
				DA94799D1056518700F36BFC /* DrawingPrimitives.h */,
				DA94799E1056518700F36BFC /* DrawingPrimitives.m */,
				DA94799F1056518700F36BFC /* EaseAction.h */,
				DA9479A01056518700F36BFC /* EaseAction.m */,
				DA9479A11056518700F36BFC /* Grabber.h */,
				DA9479A21056518700F36BFC /* Grabber.m */,
				DA9479A31056518700F36BFC /* Grid.h */,
				DA9479A41056518700F36BFC /* Grid.m */,
				DA9479A51056518700F36BFC /* Grid3DAction.h */,
				DA9479A61056518700F36BFC /* Grid3DAction.m */,
				DA9479A71056518700F36BFC /* GridAction.h */,
				DA9479A81056518700F36BFC /* GridAction.m */,
				DA9479A91056518700F36BFC /* InstantAction.h */,
				DA9479AA1056518700F36BFC /* InstantAction.m */,
				DA9479AB1056518700F36BFC /* IntervalAction.h */,
				DA9479AC1056518700F36BFC /* IntervalAction.m */,
				DA9479AD1056518700F36BFC /* Label.h */,
				DA9479AE1056518700F36BFC /* Label.m */,
				DA9479AF1056518700F36BFC /* LabelAtlas.h */,
				DA9479B01056518700F36BFC /* LabelAtlas.m */,
				DA9479B11056518700F36BFC /* Layer.h */,
				DA9479B21056518700F36BFC /* Layer.m */,
				DA9479B31056518700F36BFC /* Menu.h */,
				DA9479B41056518700F36BFC /* Menu.m */,
				DA9479B51056518700F36BFC /* MenuItem.h */,
				DA9479B61056518700F36BFC /* MenuItem.m */,
				DA9479B71056518700F36BFC /* MotionStreak.h */,
				DA9479B81056518700F36BFC /* MotionStreak.m */,
				DA9479B91056518700F36BFC /* ParallaxNode.h */,
				DA9479BA1056518700F36BFC /* ParallaxNode.m */,
				DA9479BB1056518700F36BFC /* ParticleExamples.h */,
				DA9479BC1056518700F36BFC /* ParticleExamples.m */,
				DA9479BD1056518700F36BFC /* ParticleSystem.h */,
				DA9479BE1056518700F36BFC /* ParticleSystem.m */,
				DA9479BF1056518700F36BFC /* PointParticleSystem.h */,
				DA9479C01056518700F36BFC /* PointParticleSystem.m */,
				DA9479C11056518700F36BFC /* QuadParticleSystem.h */,
				DA9479C21056518700F36BFC /* QuadParticleSystem.m */,
				DA9479C31056518700F36BFC /* RenderTexture.h */,
				DA9479C41056518700F36BFC /* RenderTexture.m */,
				DA9479C51056518700F36BFC /* Ribbon.h */,
				DA9479C61056518700F36BFC /* Ribbon.m */,
				DA9479C71056518700F36BFC /* Scene.h */,
				DA9479C81056518700F36BFC /* Scene.m */,
				DA9479C91056518700F36BFC /* Scheduler.h */,
				DA9479CA1056518700F36BFC /* Scheduler.m */,
				DA9479CB1056518700F36BFC /* Sprite.h */,
				DA9479CC1056518700F36BFC /* Sprite.m */,
				DA9479CD1056518700F36BFC /* Support */,
				DA9479E61056518700F36BFC /* TextureAtlas.h */,
				DA9479E71056518700F36BFC /* TextureAtlas.m */,
				DA9479E81056518700F36BFC /* TextureMgr.h */,
				DA9479E91056518700F36BFC /* TextureMgr.m */,
				DA9479EA1056518700F36BFC /* TextureNode.h */,
				DA9479EB1056518700F36BFC /* TextureNode.m */,
				DA9479EC1056518700F36BFC /* TiledGridAction.h */,
				DA9479ED1056518700F36BFC /* TiledGridAction.m */,
				DA9479EE1056518700F36BFC /* TileMapAtlas.h */,
				DA9479EF1056518700F36BFC /* TileMapAtlas.m */,
				DA9479F01056518700F36BFC /* TMXTiledMap.h */,
				DA9479F11056518700F36BFC /* TMXTiledMap.m */,
				DA9479F21056518700F36BFC /* TMXXMLParser.h */,
				DA9479F31056518700F36BFC /* TMXXMLParser.m */,
				DA9479F41056518700F36BFC /* TouchDelegateProtocol.h */,
				DA9479F51056518700F36BFC /* TouchDispatcher.h */,
				DA9479F61056518700F36BFC /* TouchDispatcher.m */,
				DA9479F71056518700F36BFC /* TouchHandler.h */,
				DA9479F81056518700F36BFC /* TouchHandler.m */,
				DA9479F91056518700F36BFC /* Transition.h */,
				DA9479FA1056518700F36BFC /* Transition.m */,
			);
			name = cocos2d;
			path = "../../cocos2d-iphone/cocos2d";
			sourceTree = SOURCE_ROOT;
		};
		DA9479CD1056518700F36BFC /* Support */ = {
			isa = PBXGroup;
			children = (
				DA9479CE1056518700F36BFC /* base64.c */,
				DA9479CF1056518700F36BFC /* base64.h */,
				DA9479D01056518700F36BFC /* ccArray.h */,
				DA9479D11056518700F36BFC /* ccHashSet.h */,
				DA9479D21056518700F36BFC /* ccHashSet.m */,
				DA9479D31056518700F36BFC /* CGPointExtension.h */,
				DA9479D41056518700F36BFC /* CGPointExtension.m */,
				DA9479D51056518700F36BFC /* EAGLView.h */,
				DA9479D61056518700F36BFC /* EAGLView.m */,
				DA9479D71056518700F36BFC /* FileUtils.h */,
				DA9479D81056518700F36BFC /* FileUtils.m */,
				DA9479D91056518700F36BFC /* glu.c */,
				DA9479DA1056518700F36BFC /* glu.h */,
				DA9479DB1056518700F36BFC /* OpenGL_Internal.h */,
				DA9479DC1056518700F36BFC /* PVRTexture.h */,
				DA9479DD1056518700F36BFC /* PVRTexture.m */,
				DA9479DE1056518700F36BFC /* Texture2D.h */,
				DA9479DF1056518700F36BFC /* Texture2D.m */,
				DA9479E01056518700F36BFC /* TGAlib.h */,
				DA9479E11056518700F36BFC /* TGAlib.m */,
				DA9479E21056518700F36BFC /* TransformUtils.h */,
				DA9479E31056518700F36BFC /* TransformUtils.m */,
				DA9479E41056518700F36BFC /* ZipUtils.h */,
				DA9479E51056518700F36BFC /* ZipUtils.m */,
			);
			path = Support;
			sourceTree = "<group>";
		};
		DABF1FF40EB2703B002C32BF /* Support */ = {
			isa = PBXGroup;
			children = (
				DA9479831056518700F36BFC /* cocos2d */,
			);
			name = Support;
			sourceTree = "<group>";
		};
		DACA4E220EB3A8E90096F970 /* Views */ = {
			isa = PBXGroup;
			children = (
				DA5301D6100FBB3A000D32DF /* HUDLayer.h */,
				DA5301D7100FBB3A000D32DF /* HUDLayer.m */,
				DA5301CD100FBADB000D32DF /* Splash.h */,
				DA5301CE100FBADB000D32DF /* Splash.m */,
				DA5301AE100FB81F000D32DF /* DebugLayer.h */,
				DA5301AF100FB81F000D32DF /* DebugLayer.m */,
				DA530078100FB726000D32DF /* UILayer.h */,
				DA530079100FB726000D32DF /* UILayer.m */,
				DA530270100FBF46000D32DF /* BarSprite.h */,
				DA530271100FBF46000D32DF /* BarSprite.m */,
				DACC1BBF0F63D5C70078A0D8 /* Utility */,
				DA1816480F0E24F50064F470 /* Menus */,
			);
			path = Views;
			sourceTree = "<group>";
		};
		DACC1BBF0F63D5C70078A0D8 /* Utility */ = {
			isa = PBXGroup;
			children = (
				DA53005D100FB67F000D32DF /* Utility.h */,
				DA53005E100FB67F000D32DF /* Utility.m */,
				DA53005F100FB67F000D32DF /* BarLayer.h */,
				DA530060100FB67F000D32DF /* BarLayer.m */,
				DA530061100FB67F000D32DF /* Resettable.h */,
				DA530062100FB67F000D32DF /* FancyLayer.h */,
				DA530063100FB67F000D32DF /* FancyLayer.m */,
				DA530064100FB67F000D32DF /* ShadeLayer.h */,
				DA530065100FB67F000D32DF /* ShadeLayer.m */,
				DA530066100FB67F000D32DF /* SwipeLayer.h */,
				DA530067100FB67F000D32DF /* SwipeLayer.m */,
			);
			path = Utility;
			sourceTree = "<group>";
		};
		DAF60A8E1020C60F00F53A37 /* Audio */ = {
			isa = PBXGroup;
			children = (
				DAF60A8F1020C60F00F53A37 /* snapclick.caf */,
			);
			path = Audio;
			sourceTree = "<group>";
		};
/* End PBXGroup section */

/* Begin PBXNativeTarget section */
		1D6058900D05DD3D006BFB54 /* iLibs - Lhunath Development */ = {
			isa = PBXNativeTarget;
			buildConfigurationList = 1D6058960D05DD3E006BFB54 /* Build configuration list for PBXNativeTarget "iLibs - Lhunath Development" */;
			buildPhases = (
				1D60588D0D05DD3D006BFB54 /* Resources */,
				1D60588E0D05DD3D006BFB54 /* Sources */,
				1D60588F0D05DD3D006BFB54 /* Frameworks */,
			);
			buildRules = (
			);
			dependencies = (
			);
			name = "iLibs - Lhunath Development";
			productName = iLibs;
			productReference = DA379EBC0F0964BA00541EF4 /* iLibsDev.app */;
			productType = "com.apple.product-type.application";
		};
/* End PBXNativeTarget section */

/* Begin PBXProject section */
		29B97313FDCFA39411CA2CEA /* Project object */ = {
			isa = PBXProject;
			attributes = {
				BuildIndependentTargetsInParallel = YES;
			};
			buildConfigurationList = C01FCF4E08A954540054247B /* Build configuration list for PBXProject "iLibs" */;
			compatibilityVersion = "Xcode 3.1";
			hasScannedForEncodings = 1;
			knownRegions = (
				English,
				Japanese,
				French,
				German,
				en,
			);
			mainGroup = 29B97314FDCFA39411CA2CEA /* CustomTemplate */;
			projectDirPath = "";
			projectRoot = "";
			targets = (
				1D6058900D05DD3D006BFB54 /* iLibs - Lhunath Development */,
			);
		};
/* End PBXProject section */

/* Begin PBXResourcesBuildPhase section */
		1D60588D0D05DD3D006BFB54 /* Resources */ = {
			isa = PBXResourcesBuildPhase;
			buildActionMask = 2147483647;
			files = (
				DA530411100FC6BB000D32DF /* aim.body.0.png in Resources */,
				DA530412100FC6BB000D32DF /* aim.body.1.png in Resources */,
				DA530413100FC6BB000D32DF /* aim.body.10.png in Resources */,
				DA530414100FC6BB000D32DF /* aim.body.11.png in Resources */,
				DA530415100FC6BB000D32DF /* aim.body.12.png in Resources */,
				DA530416100FC6BB000D32DF /* aim.body.13.png in Resources */,
				DA530417100FC6BB000D32DF /* aim.body.14.png in Resources */,
				DA530418100FC6BB000D32DF /* aim.body.15.png in Resources */,
				DA530419100FC6BB000D32DF /* aim.body.2.png in Resources */,
				DA53041A100FC6BB000D32DF /* aim.body.3.png in Resources */,
				DA53041B100FC6BB000D32DF /* aim.body.4.png in Resources */,
				DA53041C100FC6BB000D32DF /* aim.body.5.png in Resources */,
				DA53041D100FC6BB000D32DF /* aim.body.6.png in Resources */,
				DA53041E100FC6BB000D32DF /* aim.body.7.png in Resources */,
				DA53041F100FC6BB000D32DF /* aim.body.8.png in Resources */,
				DA530420100FC6BB000D32DF /* aim.body.9.png in Resources */,
				DA530421100FC6BB000D32DF /* aim.head.png in Resources */,
				DA530422100FC6BB000D32DF /* aim.tail.png in Resources */,
				DA5304CE100FCCF6000D32DF /* bar.png in Resources */,
				DA5304CF100FCCF6000D32DF /* bonk.png in Resources */,
				DA5304D0100FCCF6000D32DF /* fire.png in Resources */,
				DA5304D1100FCCF6000D32DF /* fps_images.png in Resources */,
				DA5304D2100FCCF6000D32DF /* smoke.png in Resources */,
				DA6A1F471017B3D200B55AF8 /* Localizable.strings in Resources */,
				DA6A1F481017B3D200B55AF8 /* menu.png in Resources */,
				DA6A1F491017B3D200B55AF8 /* score.png in Resources */,
				DAF60A901020C60F00F53A37 /* snapclick.caf in Resources */,
			);
			runOnlyForDeploymentPostprocessing = 0;
		};
/* End PBXResourcesBuildPhase section */

/* Begin PBXSourcesBuildPhase section */
		1D60588E0D05DD3D006BFB54 /* Sources */ = {
			isa = PBXSourcesBuildPhase;
			buildActionMask = 2147483647;
			files = (
				1D60589B0D05DD56006BFB54 /* main.m in Sources */,
				DA53004B100FB318000D32DF /* AudioController.m in Sources */,
				DA530052100FB5CD000D32DF /* Config.m in Sources */,
				DA530072100FB67F000D32DF /* Utility.m in Sources */,
				DA530073100FB67F000D32DF /* BarLayer.m in Sources */,
				DA530074100FB67F000D32DF /* FancyLayer.m in Sources */,
				DA530075100FB67F000D32DF /* ShadeLayer.m in Sources */,
				DA530076100FB67F000D32DF /* SwipeLayer.m in Sources */,
				DA53007C100FB726000D32DF /* UILayer.m in Sources */,
				DA530086100FB770000D32DF /* Remove.m in Sources */,
				DA530087100FB770000D32DF /* ShadeTo.m in Sources */,
				DA5301B2100FB81F000D32DF /* DebugLayer.m in Sources */,
				DA5301C6100FB9B3000D32DF /* AbstractAppDelegate.m in Sources */,
				DA5301D1100FBADB000D32DF /* Splash.m in Sources */,
				DA5301DA100FBB3A000D32DF /* HUDLayer.m in Sources */,
				DA530274100FBF46000D32DF /* BarSprite.m in Sources */,
				DAF609C41020961F00F53A37 /* MenuLayer.m in Sources */,
				DA9EE0911029615500528A29 /* MenuItemSpacer.m in Sources */,
				DA5A78EE104296E300BB27DB /* Logger.m in Sources */,
				DA5A797610429B8300BB27DB /* PropertyAction.m in Sources */,
				DA9479FB1056518700F36BFC /* Action.m in Sources */,
				DA9479FC1056518700F36BFC /* ActionManager.m in Sources */,
				DA9479FD1056518700F36BFC /* AtlasNode.m in Sources */,
				DA9479FE1056518700F36BFC /* AtlasSprite.m in Sources */,
				DA9479FF1056518700F36BFC /* AtlasSpriteManager.m in Sources */,
				DA947A001056518700F36BFC /* BitmapFontAtlas.m in Sources */,
				DA947A011056518700F36BFC /* Camera.m in Sources */,
				DA947A021056518700F36BFC /* CameraAction.m in Sources */,
				DA947A031056518700F36BFC /* cocos2d.m in Sources */,
				DA947A041056518700F36BFC /* CocosNode.m in Sources */,
				DA947A051056518700F36BFC /* Director.m in Sources */,
				DA947A061056518700F36BFC /* DrawingPrimitives.m in Sources */,
				DA947A071056518700F36BFC /* EaseAction.m in Sources */,
				DA947A081056518700F36BFC /* Grabber.m in Sources */,
				DA947A091056518700F36BFC /* Grid.m in Sources */,
				DA947A0A1056518700F36BFC /* Grid3DAction.m in Sources */,
				DA947A0B1056518700F36BFC /* GridAction.m in Sources */,
				DA947A0C1056518700F36BFC /* InstantAction.m in Sources */,
				DA947A0D1056518700F36BFC /* IntervalAction.m in Sources */,
				DA947A0E1056518700F36BFC /* Label.m in Sources */,
				DA947A0F1056518700F36BFC /* LabelAtlas.m in Sources */,
				DA947A101056518700F36BFC /* Layer.m in Sources */,
				DA947A111056518700F36BFC /* Menu.m in Sources */,
				DA947A121056518700F36BFC /* MenuItem.m in Sources */,
				DA947A131056518700F36BFC /* MotionStreak.m in Sources */,
				DA947A141056518700F36BFC /* ParallaxNode.m in Sources */,
				DA947A151056518700F36BFC /* ParticleExamples.m in Sources */,
				DA947A161056518700F36BFC /* ParticleSystem.m in Sources */,
				DA947A171056518700F36BFC /* PointParticleSystem.m in Sources */,
				DA947A181056518700F36BFC /* QuadParticleSystem.m in Sources */,
				DA947A191056518700F36BFC /* RenderTexture.m in Sources */,
				DA947A1A1056518700F36BFC /* Ribbon.m in Sources */,
				DA947A1B1056518700F36BFC /* Scene.m in Sources */,
				DA947A1C1056518700F36BFC /* Scheduler.m in Sources */,
				DA947A1D1056518700F36BFC /* Sprite.m in Sources */,
				DA947A1E1056518700F36BFC /* base64.c in Sources */,
				DA947A1F1056518700F36BFC /* ccHashSet.m in Sources */,
				DA947A201056518700F36BFC /* CGPointExtension.m in Sources */,
				DA947A211056518700F36BFC /* EAGLView.m in Sources */,
				DA947A221056518700F36BFC /* FileUtils.m in Sources */,
				DA947A231056518700F36BFC /* glu.c in Sources */,
				DA947A241056518700F36BFC /* PVRTexture.m in Sources */,
				DA947A251056518700F36BFC /* Texture2D.m in Sources */,
				DA947A261056518700F36BFC /* TGAlib.m in Sources */,
				DA947A271056518700F36BFC /* TransformUtils.m in Sources */,
				DA947A281056518700F36BFC /* ZipUtils.m in Sources */,
				DA947A291056518700F36BFC /* TextureAtlas.m in Sources */,
				DA947A2A1056518700F36BFC /* TextureMgr.m in Sources */,
				DA947A2B1056518700F36BFC /* TextureNode.m in Sources */,
				DA947A2C1056518700F36BFC /* TiledGridAction.m in Sources */,
				DA947A2D1056518700F36BFC /* TileMapAtlas.m in Sources */,
				DA947A2E1056518700F36BFC /* TMXTiledMap.m in Sources */,
				DA947A2F1056518700F36BFC /* TMXXMLParser.m in Sources */,
				DA947A301056518700F36BFC /* TouchDispatcher.m in Sources */,
				DA947A311056518700F36BFC /* TouchHandler.m in Sources */,
				DA947A321056518700F36BFC /* Transition.m in Sources */,
				DA947A351056519700F36BFC /* MenuItemTitle.m in Sources */,
			);
			runOnlyForDeploymentPostprocessing = 0;
		};
/* End PBXSourcesBuildPhase section */

/* Begin PBXVariantGroup section */
		DA6A1F411017B3D200B55AF8 /* Localizable.strings */ = {
			isa = PBXVariantGroup;
			children = (
				DA6A1F421017B3D200B55AF8 /* en */,
			);
			name = Localizable.strings;
			sourceTree = "<group>";
		};
		DA6A1F431017B3D200B55AF8 /* menu.png */ = {
			isa = PBXVariantGroup;
			children = (
				DA6A1F441017B3D200B55AF8 /* en */,
			);
			name = menu.png;
			sourceTree = "<group>";
		};
		DA6A1F451017B3D200B55AF8 /* score.png */ = {
			isa = PBXVariantGroup;
			children = (
				DA6A1F461017B3D200B55AF8 /* en */,
			);
			name = score.png;
			sourceTree = "<group>";
		};
/* End PBXVariantGroup section */

/* Begin XCBuildConfiguration section */
		1D6058940D05DD3E006BFB54 /* Debug */ = {
			isa = XCBuildConfiguration;
			buildSettings = {
				"CODE_SIGN_IDENTITY[sdk=iphoneos*]" = "iPhone Developer: Maarten Billemont";
				PRODUCT_NAME = iLibsDev;
				"PROVISIONING_PROFILE[sdk=iphoneos*]" = "3F99D2BF-D20F-4363-AB0E-74CE17713124";
			};
			name = Debug;
		};
		1D6058950D05DD3E006BFB54 /* Release */ = {
			isa = XCBuildConfiguration;
			buildSettings = {
				"CODE_SIGN_IDENTITY[sdk=iphoneos*]" = "iPhone Developer: Maarten Billemont";
				PRODUCT_NAME = iLibsDev;
				"PROVISIONING_PROFILE[sdk=iphoneos*]" = "3F99D2BF-D20F-4363-AB0E-74CE17713124";
			};
			name = Release;
		};
		C01FCF4F08A954540054247B /* Debug */ = {
			isa = XCBuildConfiguration;
			buildSettings = {
				ALWAYS_SEARCH_USER_PATHS = NO;
				COPY_PHASE_STRIP = NO;
				DEAD_CODE_STRIPPING = NO;
				GCC_C_LANGUAGE_STANDARD = c99;
				GCC_DEBUGGING_SYMBOLS = full;
				GCC_DYNAMIC_NO_PIC = NO;
				GCC_FAST_MATH = YES;
				GCC_GENERATE_DEBUGGING_SYMBOLS = YES;
				GCC_OPTIMIZATION_LEVEL = 0;
				GCC_PRECOMPILE_PREFIX_HEADER = YES;
				GCC_PREFIX_HEADER = iLibs_Prefix.pch;
				GCC_STRICT_ALIASING = YES;
				GCC_THUMB_SUPPORT = NO;
				GCC_TREAT_IMPLICIT_FUNCTION_DECLARATIONS_AS_ERRORS = YES;
				GCC_TREAT_WARNINGS_AS_ERRORS = YES;
				GCC_UNROLL_LOOPS = YES;
				GCC_WARN_64_TO_32_BIT_CONVERSION = YES;
				GCC_WARN_ABOUT_DEPRECATED_FUNCTIONS = YES;
				GCC_WARN_ABOUT_INVALID_OFFSETOF_MACRO = YES;
				GCC_WARN_ABOUT_MISSING_NEWLINE = YES;
				GCC_WARN_ABOUT_POINTER_SIGNEDNESS = YES;
				GCC_WARN_ABOUT_RETURN_TYPE = YES;
				GCC_WARN_ALLOW_INCOMPLETE_PROTOCOL = YES;
				GCC_WARN_CHECK_SWITCH_STATEMENTS = YES;
				GCC_WARN_EFFECTIVE_CPLUSPLUS_VIOLATIONS = YES;
				GCC_WARN_FOUR_CHARACTER_CONSTANTS = YES;
				GCC_WARN_HIDDEN_VIRTUAL_FUNCTIONS = YES;
				GCC_WARN_INITIALIZER_NOT_FULLY_BRACKETED = YES;
				GCC_WARN_MISSING_PARENTHESES = YES;
				GCC_WARN_NON_VIRTUAL_DESTRUCTOR = YES;
				GCC_WARN_SIGN_COMPARE = YES;
				GCC_WARN_TYPECHECK_CALLS_TO_PRINTF = YES;
				GCC_WARN_UNKNOWN_PRAGMAS = YES;
				GCC_WARN_UNUSED_LABEL = YES;
				GCC_WARN_UNUSED_VALUE = YES;
				GCC_WARN_UNUSED_VARIABLE = YES;
				INFOPLIST_FILE = Info.plist;
				LINKER_DISPLAYS_MANGLED_NAMES = YES;
				ONLY_ACTIVE_ARCH = YES;
				OTHER_CFLAGS = "-falign-loops=16";
				PREBINDING = NO;
				SDKROOT = iphoneos2.2.1;
				STRIP_INSTALLED_PRODUCT = NO;
				VERSION_INFO_BUILDER = lhunath;
				ZERO_LINK = NO;
			};
			name = Debug;
		};
		C01FCF5008A954540054247B /* Release */ = {
			isa = XCBuildConfiguration;
			buildSettings = {
				ALWAYS_SEARCH_USER_PATHS = NO;
				DEPLOYMENT_POSTPROCESSING = YES;
				GCC_C_LANGUAGE_STANDARD = c99;
				GCC_DYNAMIC_NO_PIC = YES;
				GCC_FAST_MATH = YES;
				GCC_GENERATE_DEBUGGING_SYMBOLS = NO;
				GCC_OPTIMIZATION_LEVEL = 3;
				GCC_PRECOMPILE_PREFIX_HEADER = YES;
				GCC_PREFIX_HEADER = Prefix.pch;
				GCC_STRICT_ALIASING = YES;
				GCC_THUMB_SUPPORT = NO;
				GCC_TREAT_IMPLICIT_FUNCTION_DECLARATIONS_AS_ERRORS = YES;
				GCC_TREAT_WARNINGS_AS_ERRORS = YES;
				GCC_WARN_64_TO_32_BIT_CONVERSION = YES;
				GCC_WARN_ABOUT_DEPRECATED_FUNCTIONS = YES;
				GCC_WARN_ABOUT_INVALID_OFFSETOF_MACRO = YES;
				GCC_WARN_ABOUT_MISSING_NEWLINE = YES;
				GCC_WARN_ABOUT_POINTER_SIGNEDNESS = YES;
				GCC_WARN_ABOUT_RETURN_TYPE = YES;
				GCC_WARN_ALLOW_INCOMPLETE_PROTOCOL = YES;
				GCC_WARN_CHECK_SWITCH_STATEMENTS = YES;
				GCC_WARN_EFFECTIVE_CPLUSPLUS_VIOLATIONS = YES;
				GCC_WARN_FOUR_CHARACTER_CONSTANTS = YES;
				GCC_WARN_HIDDEN_VIRTUAL_FUNCTIONS = YES;
				GCC_WARN_INITIALIZER_NOT_FULLY_BRACKETED = YES;
				GCC_WARN_MISSING_PARENTHESES = YES;
				GCC_WARN_NON_VIRTUAL_DESTRUCTOR = YES;
				GCC_WARN_SIGN_COMPARE = YES;
				GCC_WARN_TYPECHECK_CALLS_TO_PRINTF = YES;
				GCC_WARN_UNKNOWN_PRAGMAS = YES;
				GCC_WARN_UNUSED_LABEL = YES;
				GCC_WARN_UNUSED_VALUE = YES;
				GCC_WARN_UNUSED_VARIABLE = YES;
				INFOPLIST_FILE = Info.plist;
				PREBINDING = NO;
				SDKROOT = iphoneos2.2;
				VERSION_INFO_BUILDER = lhunath;
				ZERO_LINK = NO;
			};
			name = Release;
		};
		DA16C3750EEC575C00E46246 /* Distribution */ = {
			isa = XCBuildConfiguration;
			buildSettings = {
				ALWAYS_SEARCH_USER_PATHS = NO;
				CODE_SIGN_ENTITLEMENTS = Entitlements.plist;
				"CODE_SIGN_IDENTITY[sdk=iphoneos*]" = "iPhone Distribution: Maarten Billemont";
				DEPLOYMENT_POSTPROCESSING = YES;
				GCC_C_LANGUAGE_STANDARD = c99;
				GCC_DYNAMIC_NO_PIC = YES;
				GCC_FAST_MATH = YES;
				GCC_GENERATE_DEBUGGING_SYMBOLS = NO;
				GCC_OPTIMIZATION_LEVEL = 3;
				GCC_PRECOMPILE_PREFIX_HEADER = YES;
				GCC_PREFIX_HEADER = iLibs_Prefix.pch;
				GCC_STRICT_ALIASING = YES;
				GCC_THUMB_SUPPORT = NO;
				GCC_TREAT_IMPLICIT_FUNCTION_DECLARATIONS_AS_ERRORS = YES;
				GCC_TREAT_WARNINGS_AS_ERRORS = YES;
				GCC_WARN_64_TO_32_BIT_CONVERSION = YES;
				GCC_WARN_ABOUT_DEPRECATED_FUNCTIONS = YES;
				GCC_WARN_ABOUT_INVALID_OFFSETOF_MACRO = YES;
				GCC_WARN_ABOUT_MISSING_NEWLINE = YES;
				GCC_WARN_ABOUT_POINTER_SIGNEDNESS = YES;
				GCC_WARN_ABOUT_RETURN_TYPE = YES;
				GCC_WARN_ALLOW_INCOMPLETE_PROTOCOL = YES;
				GCC_WARN_CHECK_SWITCH_STATEMENTS = YES;
				GCC_WARN_EFFECTIVE_CPLUSPLUS_VIOLATIONS = YES;
				GCC_WARN_FOUR_CHARACTER_CONSTANTS = YES;
				GCC_WARN_HIDDEN_VIRTUAL_FUNCTIONS = YES;
				GCC_WARN_INITIALIZER_NOT_FULLY_BRACKETED = YES;
				GCC_WARN_MISSING_PARENTHESES = YES;
				GCC_WARN_NON_VIRTUAL_DESTRUCTOR = YES;
				GCC_WARN_SIGN_COMPARE = YES;
				GCC_WARN_TYPECHECK_CALLS_TO_PRINTF = YES;
				GCC_WARN_UNKNOWN_PRAGMAS = YES;
				GCC_WARN_UNUSED_LABEL = YES;
				GCC_WARN_UNUSED_VALUE = YES;
				GCC_WARN_UNUSED_VARIABLE = YES;
				INFOPLIST_FILE = Info.plist;
				PREBINDING = NO;
				"PROVISIONING_PROFILE[sdk=iphoneos*]" = "6B238D14-146F-435A-970D-1FAEDF00DCC2";
				SDKROOT = iphoneos2.2;
				VERSION_INFO_BUILDER = lhunath;
				ZERO_LINK = NO;
			};
			name = Distribution;
		};
		DA16C3760EEC575C00E46246 /* Distribution */ = {
			isa = XCBuildConfiguration;
			buildSettings = {
				PRODUCT_NAME = iLibsDev;
			};
			name = Distribution;
		};
		DA312A3F0F12B91A00F1032D /* Release Debugging */ = {
			isa = XCBuildConfiguration;
			buildSettings = {
				ALWAYS_SEARCH_USER_PATHS = NO;
				COPY_PHASE_STRIP = NO;
				DEAD_CODE_STRIPPING = NO;
				DEPLOYMENT_POSTPROCESSING = NO;
				GCC_C_LANGUAGE_STANDARD = c99;
				GCC_DYNAMIC_NO_PIC = YES;
				GCC_FAST_MATH = YES;
				GCC_GENERATE_DEBUGGING_SYMBOLS = YES;
				GCC_OPTIMIZATION_LEVEL = 3;
				GCC_PRECOMPILE_PREFIX_HEADER = YES;
				GCC_PREFIX_HEADER = iLibs_Prefix.pch;
				GCC_STRICT_ALIASING = YES;
				GCC_THUMB_SUPPORT = NO;
				GCC_TREAT_IMPLICIT_FUNCTION_DECLARATIONS_AS_ERRORS = YES;
				GCC_TREAT_WARNINGS_AS_ERRORS = YES;
				GCC_UNROLL_LOOPS = YES;
				GCC_WARN_64_TO_32_BIT_CONVERSION = YES;
				GCC_WARN_ABOUT_DEPRECATED_FUNCTIONS = YES;
				GCC_WARN_ABOUT_INVALID_OFFSETOF_MACRO = YES;
				GCC_WARN_ABOUT_MISSING_NEWLINE = YES;
				GCC_WARN_ABOUT_POINTER_SIGNEDNESS = YES;
				GCC_WARN_ABOUT_RETURN_TYPE = YES;
				GCC_WARN_ALLOW_INCOMPLETE_PROTOCOL = YES;
				GCC_WARN_CHECK_SWITCH_STATEMENTS = YES;
				GCC_WARN_EFFECTIVE_CPLUSPLUS_VIOLATIONS = YES;
				GCC_WARN_FOUR_CHARACTER_CONSTANTS = YES;
				GCC_WARN_HIDDEN_VIRTUAL_FUNCTIONS = YES;
				GCC_WARN_INITIALIZER_NOT_FULLY_BRACKETED = YES;
				GCC_WARN_MISSING_PARENTHESES = YES;
				GCC_WARN_NON_VIRTUAL_DESTRUCTOR = YES;
				GCC_WARN_SIGN_COMPARE = YES;
				GCC_WARN_TYPECHECK_CALLS_TO_PRINTF = YES;
				GCC_WARN_UNKNOWN_PRAGMAS = YES;
				GCC_WARN_UNUSED_LABEL = YES;
				GCC_WARN_UNUSED_VALUE = YES;
				GCC_WARN_UNUSED_VARIABLE = YES;
				INFOPLIST_FILE = Info.plist;
				OTHER_CFLAGS = "-falign-loops=16";
				PREBINDING = NO;
				SDKROOT = iphoneos2.2;
				STRIP_INSTALLED_PRODUCT = NO;
				VERSION_INFO_BUILDER = lhunath;
				ZERO_LINK = NO;
			};
			name = "Release Debugging";
		};
		DA312A400F12B91A00F1032D /* Release Debugging */ = {
			isa = XCBuildConfiguration;
			buildSettings = {
				"CODE_SIGN_IDENTITY[sdk=iphoneos*]" = "iPhone Developer: Maarten Billemont";
				PRODUCT_NAME = iLibsDev;
				"PROVISIONING_PROFILE[sdk=iphoneos*]" = "3F99D2BF-D20F-4363-AB0E-74CE17713124";
			};
			name = "Release Debugging";
		};
/* End XCBuildConfiguration section */

/* Begin XCConfigurationList section */
		1D6058960D05DD3E006BFB54 /* Build configuration list for PBXNativeTarget "iLibs - Lhunath Development" */ = {
			isa = XCConfigurationList;
			buildConfigurations = (
				1D6058940D05DD3E006BFB54 /* Debug */,
				1D6058950D05DD3E006BFB54 /* Release */,
				DA312A400F12B91A00F1032D /* Release Debugging */,
				DA16C3760EEC575C00E46246 /* Distribution */,
			);
			defaultConfigurationIsVisible = 0;
			defaultConfigurationName = Release;
		};
		C01FCF4E08A954540054247B /* Build configuration list for PBXProject "iLibs" */ = {
			isa = XCConfigurationList;
			buildConfigurations = (
				C01FCF4F08A954540054247B /* Debug */,
				C01FCF5008A954540054247B /* Release */,
				DA312A3F0F12B91A00F1032D /* Release Debugging */,
				DA16C3750EEC575C00E46246 /* Distribution */,
			);
			defaultConfigurationIsVisible = 0;
			defaultConfigurationName = Release;
		};
/* End XCConfigurationList section */
	};
	rootObject = 29B97313FDCFA39411CA2CEA /* Project object */;
}
